// !$*UTF8*$!
{
	archiveVersion = 1;
	classes = {
	};
	objectVersion = 52;
	objects = {

/* Begin PBXBuildFile section */
		F6291164251038810065C3E9 /* CommentHierarchy.swift in Sources */ = {isa = PBXBuildFile; fileRef = F6291163251038810065C3E9 /* CommentHierarchy.swift */; };
		F629116C251057E70065C3E9 /* WidgetKit.framework in Frameworks */ = {isa = PBXBuildFile; fileRef = F629116B251057E70065C3E9 /* WidgetKit.framework */; };
		F629116E251057E70065C3E9 /* SwiftUI.framework in Frameworks */ = {isa = PBXBuildFile; fileRef = F629116D251057E70065C3E9 /* SwiftUI.framework */; };
		F6291171251057E70065C3E9 /* hottest_widget.swift in Sources */ = {isa = PBXBuildFile; fileRef = F6291170251057E70065C3E9 /* hottest_widget.swift */; };
		F6291174251057E80065C3E9 /* Assets.xcassets in Resources */ = {isa = PBXBuildFile; fileRef = F6291173251057E80065C3E9 /* Assets.xcassets */; };
		F629117A251057E80065C3E9 /* hottest.widgetExtension.appex in Embed App Extensions */ = {isa = PBXBuildFile; fileRef = F6291169251057E70065C3E9 /* hottest.widgetExtension.appex */; settings = {ATTRIBUTES = (RemoveHeadersOnCopy, ); }; };
		F62911822510599A0065C3E9 /* HottestFetcher.swift in Sources */ = {isa = PBXBuildFile; fileRef = F62911812510599A0065C3E9 /* HottestFetcher.swift */; };
		F6291183251059CA0065C3E9 /* HottestFetcher.swift in Sources */ = {isa = PBXBuildFile; fileRef = F62911812510599A0065C3E9 /* HottestFetcher.swift */; };
		F6291185251059E60065C3E9 /* GenericUser.swift in Sources */ = {isa = PBXBuildFile; fileRef = F6291184251059E60065C3E9 /* GenericUser.swift */; };
		F629118725105A0F0065C3E9 /* NewestStory.swift in Sources */ = {isa = PBXBuildFile; fileRef = F629118625105A0F0065C3E9 /* NewestStory.swift */; };
		F629118825105A1C0065C3E9 /* NewestStory.swift in Sources */ = {isa = PBXBuildFile; fileRef = F629118625105A0F0065C3E9 /* NewestStory.swift */; };
		F629118925105A230065C3E9 /* GenericUser.swift in Sources */ = {isa = PBXBuildFile; fileRef = F6291184251059E60065C3E9 /* GenericUser.swift */; };
		F629118B25105A3E0065C3E9 /* NewestUser.swift in Sources */ = {isa = PBXBuildFile; fileRef = F629118A25105A3E0065C3E9 /* NewestUser.swift */; };
		F629118C25105A440065C3E9 /* NewestUser.swift in Sources */ = {isa = PBXBuildFile; fileRef = F629118A25105A3E0065C3E9 /* NewestUser.swift */; };
		F669C930250C5DD400B1FF42 /* clawApp.swift in Sources */ = {isa = PBXBuildFile; fileRef = F669C92F250C5DD400B1FF42 /* clawApp.swift */; };
		F669C932250C5DD400B1FF42 /* ContentView.swift in Sources */ = {isa = PBXBuildFile; fileRef = F669C931250C5DD400B1FF42 /* ContentView.swift */; };
		F669C934250C5DDE00B1FF42 /* Assets.xcassets in Resources */ = {isa = PBXBuildFile; fileRef = F669C933250C5DDE00B1FF42 /* Assets.xcassets */; };
		F669C937250C5DDE00B1FF42 /* Preview Assets.xcassets in Resources */ = {isa = PBXBuildFile; fileRef = F669C936250C5DDE00B1FF42 /* Preview Assets.xcassets */; };
		F669C939250C5DDE00B1FF42 /* Persistence.swift in Sources */ = {isa = PBXBuildFile; fileRef = F669C938250C5DDE00B1FF42 /* Persistence.swift */; };
		F669C93C250C5DDE00B1FF42 /* claw.xcdatamodeld in Sources */ = {isa = PBXBuildFile; fileRef = F669C93A250C5DDE00B1FF42 /* claw.xcdatamodeld */; };
		F669C947250C5DDE00B1FF42 /* clawTests.swift in Sources */ = {isa = PBXBuildFile; fileRef = F669C946250C5DDE00B1FF42 /* clawTests.swift */; };
		F669C952250C5DDE00B1FF42 /* clawUITests.swift in Sources */ = {isa = PBXBuildFile; fileRef = F669C951250C5DDE00B1FF42 /* clawUITests.swift */; };
		F669C960250C5DF000B1FF42 /* Newest.swift in Sources */ = {isa = PBXBuildFile; fileRef = F669C95F250C5DF000B1FF42 /* Newest.swift */; };
		F669C962250C61F100B1FF42 /* StoryCell.swift in Sources */ = {isa = PBXBuildFile; fileRef = F669C961250C61F000B1FF42 /* StoryCell.swift */; };
		F669C964250C711E00B1FF42 /* Story.swift in Sources */ = {isa = PBXBuildFile; fileRef = F669C963250C711E00B1FF42 /* Story.swift */; };
		F669C96A250C846200B1FF42 /* SwiftSoup in Frameworks */ = {isa = PBXBuildFile; productRef = F669C969250C846200B1FF42 /* SwiftSoup */; };
		F669C96C250C847000B1FF42 /* HTMLView.swift in Sources */ = {isa = PBXBuildFile; fileRef = F669C96B250C847000B1FF42 /* HTMLView.swift */; };
		F669C96E250E746D00B1FF42 /* TagView.swift in Sources */ = {isa = PBXBuildFile; fileRef = F669C96D250E746D00B1FF42 /* TagView.swift */; };
		F669C970250E74CB00B1FF42 /* Hottest.swift in Sources */ = {isa = PBXBuildFile; fileRef = F669C96F250E74CB00B1FF42 /* Hottest.swift */; };
		F669C972250E750200B1FF42 /* StoryView.swift in Sources */ = {isa = PBXBuildFile; fileRef = F669C971250E750200B1FF42 /* StoryView.swift */; };
		F669C974250EA28700B1FF42 /* User.swift in Sources */ = {isa = PBXBuildFile; fileRef = F669C973250EA28700B1FF42 /* User.swift */; };
		F669C976250EA56400B1FF42 /* URLView.swift in Sources */ = {isa = PBXBuildFile; fileRef = F669C975250EA56400B1FF42 /* URLView.swift */; };
		F669C998250ECD6200B1FF42 /* SGNavigationLink.swift in Sources */ = {isa = PBXBuildFile; fileRef = F669C997250ECD6200B1FF42 /* SGNavigationLink.swift */; };
		F669C99B250ED07800B1FF42 /* WebView in Frameworks */ = {isa = PBXBuildFile; productRef = F669C99A250ED07800B1FF42 /* WebView */; };
		F669C99D250EE5AA00B1FF42 /* UIColor.swift in Sources */ = {isa = PBXBuildFile; fileRef = F669C99C250EE5AA00B1FF42 /* UIColor.swift */; };
		F669C9A0250EEB9B00B1FF42 /* Launch Screen.storyboard in Resources */ = {isa = PBXBuildFile; fileRef = F669C99F250EEB9B00B1FF42 /* Launch Screen.storyboard */; };
		F687666D2513FAAC003090D2 /* SettingsView.swift in Sources */ = {isa = PBXBuildFile; fileRef = F687666C2513FAAC003090D2 /* SettingsView.swift */; };
		F687667325141A27003090D2 /* MailView.swift in Sources */ = {isa = PBXBuildFile; fileRef = F687667225141A27003090D2 /* MailView.swift */; };
		F68766DE25196C9B003090D2 /* Classic@3x.png in Resources */ = {isa = PBXBuildFile; fileRef = F68766DA25196C9B003090D2 /* Classic@3x.png */; };
		F68766DF25196C9B003090D2 /* claw@2x.png in Resources */ = {isa = PBXBuildFile; fileRef = F68766DB25196C9B003090D2 /* claw@2x.png */; };
		F68766E025196C9B003090D2 /* claw@3x.png in Resources */ = {isa = PBXBuildFile; fileRef = F68766DC25196C9B003090D2 /* claw@3x.png */; };
		F68766E125196C9B003090D2 /* Classic@2x.png in Resources */ = {isa = PBXBuildFile; fileRef = F68766DD25196C9B003090D2 /* Classic@2x.png */; };
		F6876707251A82FE003090D2 /* ShareSheet.swift in Sources */ = {isa = PBXBuildFile; fileRef = F6876706251A82FE003090D2 /* ShareSheet.swift */; };
		F687670D251A9501003090D2 /* StoryListCellView.swift in Sources */ = {isa = PBXBuildFile; fileRef = F687670C251A9501003090D2 /* StoryListCellView.swift */; };
		F6876713251AF800003090D2 /* SafariActivity.swift in Sources */ = {isa = PBXBuildFile; fileRef = F6876712251AF800003090D2 /* SafariActivity.swift */; };
/* End PBXBuildFile section */

/* Begin PBXContainerItemProxy section */
		F6291178251057E80065C3E9 /* PBXContainerItemProxy */ = {
			isa = PBXContainerItemProxy;
			containerPortal = F669C924250C5DD400B1FF42 /* Project object */;
			proxyType = 1;
			remoteGlobalIDString = F6291168251057E70065C3E9;
			remoteInfo = hottest.widgetExtension;
		};
		F669C943250C5DDE00B1FF42 /* PBXContainerItemProxy */ = {
			isa = PBXContainerItemProxy;
			containerPortal = F669C924250C5DD400B1FF42 /* Project object */;
			proxyType = 1;
			remoteGlobalIDString = F669C92B250C5DD400B1FF42;
			remoteInfo = claw;
		};
		F669C94E250C5DDE00B1FF42 /* PBXContainerItemProxy */ = {
			isa = PBXContainerItemProxy;
			containerPortal = F669C924250C5DD400B1FF42 /* Project object */;
			proxyType = 1;
			remoteGlobalIDString = F669C92B250C5DD400B1FF42;
			remoteInfo = claw;
		};
/* End PBXContainerItemProxy section */

/* Begin PBXCopyFilesBuildPhase section */
		F629117E251057E80065C3E9 /* Embed App Extensions */ = {
			isa = PBXCopyFilesBuildPhase;
			buildActionMask = 2147483647;
			dstPath = "";
			dstSubfolderSpec = 13;
			files = (
				F629117A251057E80065C3E9 /* hottest.widgetExtension.appex in Embed App Extensions */,
			);
			name = "Embed App Extensions";
			runOnlyForDeploymentPostprocessing = 0;
		};
/* End PBXCopyFilesBuildPhase section */

/* Begin PBXFileReference section */
		F6291163251038810065C3E9 /* CommentHierarchy.swift */ = {isa = PBXFileReference; lastKnownFileType = sourcecode.swift; path = CommentHierarchy.swift; sourceTree = "<group>"; };
		F6291169251057E70065C3E9 /* hottest.widgetExtension.appex */ = {isa = PBXFileReference; explicitFileType = "wrapper.app-extension"; includeInIndex = 0; path = hottest.widgetExtension.appex; sourceTree = BUILT_PRODUCTS_DIR; };
		F629116B251057E70065C3E9 /* WidgetKit.framework */ = {isa = PBXFileReference; lastKnownFileType = wrapper.framework; name = WidgetKit.framework; path = System/Library/Frameworks/WidgetKit.framework; sourceTree = SDKROOT; };
		F629116D251057E70065C3E9 /* SwiftUI.framework */ = {isa = PBXFileReference; lastKnownFileType = wrapper.framework; name = SwiftUI.framework; path = System/Library/Frameworks/SwiftUI.framework; sourceTree = SDKROOT; };
		F6291170251057E70065C3E9 /* hottest_widget.swift */ = {isa = PBXFileReference; lastKnownFileType = sourcecode.swift; path = hottest_widget.swift; sourceTree = "<group>"; };
		F6291173251057E80065C3E9 /* Assets.xcassets */ = {isa = PBXFileReference; lastKnownFileType = folder.assetcatalog; path = Assets.xcassets; sourceTree = "<group>"; };
		F6291175251057E80065C3E9 /* Info.plist */ = {isa = PBXFileReference; lastKnownFileType = text.plist.xml; path = Info.plist; sourceTree = "<group>"; };
		F62911812510599A0065C3E9 /* HottestFetcher.swift */ = {isa = PBXFileReference; lastKnownFileType = sourcecode.swift; path = HottestFetcher.swift; sourceTree = "<group>"; };
		F6291184251059E60065C3E9 /* GenericUser.swift */ = {isa = PBXFileReference; lastKnownFileType = sourcecode.swift; path = GenericUser.swift; sourceTree = "<group>"; };
		F629118625105A0F0065C3E9 /* NewestStory.swift */ = {isa = PBXFileReference; lastKnownFileType = sourcecode.swift; path = NewestStory.swift; sourceTree = "<group>"; };
		F629118A25105A3E0065C3E9 /* NewestUser.swift */ = {isa = PBXFileReference; lastKnownFileType = sourcecode.swift; path = NewestUser.swift; sourceTree = "<group>"; };
		F669C92C250C5DD400B1FF42 /* claw.app */ = {isa = PBXFileReference; explicitFileType = wrapper.application; includeInIndex = 0; path = claw.app; sourceTree = BUILT_PRODUCTS_DIR; };
		F669C92F250C5DD400B1FF42 /* clawApp.swift */ = {isa = PBXFileReference; lastKnownFileType = sourcecode.swift; path = clawApp.swift; sourceTree = "<group>"; };
		F669C931250C5DD400B1FF42 /* ContentView.swift */ = {isa = PBXFileReference; lastKnownFileType = sourcecode.swift; path = ContentView.swift; sourceTree = "<group>"; };
		F669C933250C5DDE00B1FF42 /* Assets.xcassets */ = {isa = PBXFileReference; lastKnownFileType = folder.assetcatalog; path = Assets.xcassets; sourceTree = "<group>"; };
		F669C936250C5DDE00B1FF42 /* Preview Assets.xcassets */ = {isa = PBXFileReference; lastKnownFileType = folder.assetcatalog; path = "Preview Assets.xcassets"; sourceTree = "<group>"; };
		F669C938250C5DDE00B1FF42 /* Persistence.swift */ = {isa = PBXFileReference; lastKnownFileType = sourcecode.swift; path = Persistence.swift; sourceTree = "<group>"; };
		F669C93B250C5DDE00B1FF42 /* claw.xcdatamodel */ = {isa = PBXFileReference; lastKnownFileType = wrapper.xcdatamodel; path = claw.xcdatamodel; sourceTree = "<group>"; };
		F669C93D250C5DDE00B1FF42 /* Info.plist */ = {isa = PBXFileReference; lastKnownFileType = text.plist.xml; path = Info.plist; sourceTree = "<group>"; };
		F669C942250C5DDE00B1FF42 /* clawTests.xctest */ = {isa = PBXFileReference; explicitFileType = wrapper.cfbundle; includeInIndex = 0; path = clawTests.xctest; sourceTree = BUILT_PRODUCTS_DIR; };
		F669C946250C5DDE00B1FF42 /* clawTests.swift */ = {isa = PBXFileReference; lastKnownFileType = sourcecode.swift; path = clawTests.swift; sourceTree = "<group>"; };
		F669C948250C5DDE00B1FF42 /* Info.plist */ = {isa = PBXFileReference; lastKnownFileType = text.plist.xml; path = Info.plist; sourceTree = "<group>"; };
		F669C94D250C5DDE00B1FF42 /* clawUITests.xctest */ = {isa = PBXFileReference; explicitFileType = wrapper.cfbundle; includeInIndex = 0; path = clawUITests.xctest; sourceTree = BUILT_PRODUCTS_DIR; };
		F669C951250C5DDE00B1FF42 /* clawUITests.swift */ = {isa = PBXFileReference; lastKnownFileType = sourcecode.swift; path = clawUITests.swift; sourceTree = "<group>"; };
		F669C953250C5DDE00B1FF42 /* Info.plist */ = {isa = PBXFileReference; lastKnownFileType = text.plist.xml; path = Info.plist; sourceTree = "<group>"; };
		F669C95F250C5DF000B1FF42 /* Newest.swift */ = {isa = PBXFileReference; lastKnownFileType = sourcecode.swift; path = Newest.swift; sourceTree = "<group>"; };
		F669C961250C61F000B1FF42 /* StoryCell.swift */ = {isa = PBXFileReference; lastKnownFileType = sourcecode.swift; path = StoryCell.swift; sourceTree = "<group>"; };
		F669C963250C711E00B1FF42 /* Story.swift */ = {isa = PBXFileReference; lastKnownFileType = sourcecode.swift; path = Story.swift; sourceTree = "<group>"; };
		F669C96B250C847000B1FF42 /* HTMLView.swift */ = {isa = PBXFileReference; lastKnownFileType = sourcecode.swift; path = HTMLView.swift; sourceTree = "<group>"; };
		F669C96D250E746D00B1FF42 /* TagView.swift */ = {isa = PBXFileReference; lastKnownFileType = sourcecode.swift; path = TagView.swift; sourceTree = "<group>"; };
		F669C96F250E74CB00B1FF42 /* Hottest.swift */ = {isa = PBXFileReference; lastKnownFileType = sourcecode.swift; path = Hottest.swift; sourceTree = "<group>"; };
		F669C971250E750200B1FF42 /* StoryView.swift */ = {isa = PBXFileReference; lastKnownFileType = sourcecode.swift; path = StoryView.swift; sourceTree = "<group>"; };
		F669C973250EA28700B1FF42 /* User.swift */ = {isa = PBXFileReference; lastKnownFileType = sourcecode.swift; path = User.swift; sourceTree = "<group>"; };
		F669C975250EA56400B1FF42 /* URLView.swift */ = {isa = PBXFileReference; lastKnownFileType = sourcecode.swift; path = URLView.swift; sourceTree = "<group>"; };
		F669C997250ECD6200B1FF42 /* SGNavigationLink.swift */ = {isa = PBXFileReference; lastKnownFileType = sourcecode.swift; path = SGNavigationLink.swift; sourceTree = "<group>"; };
		F669C99C250EE5AA00B1FF42 /* UIColor.swift */ = {isa = PBXFileReference; lastKnownFileType = sourcecode.swift; path = UIColor.swift; sourceTree = "<group>"; };
		F669C99E250EE89900B1FF42 /* claw.entitlements */ = {isa = PBXFileReference; lastKnownFileType = text.plist.entitlements; path = claw.entitlements; sourceTree = "<group>"; };
		F669C99F250EEB9B00B1FF42 /* Launch Screen.storyboard */ = {isa = PBXFileReference; lastKnownFileType = file.storyboard; path = "Launch Screen.storyboard"; sourceTree = "<group>"; };
		F687666C2513FAAC003090D2 /* SettingsView.swift */ = {isa = PBXFileReference; lastKnownFileType = sourcecode.swift; path = SettingsView.swift; sourceTree = "<group>"; };
		F687667225141A27003090D2 /* MailView.swift */ = {isa = PBXFileReference; lastKnownFileType = sourcecode.swift; path = MailView.swift; sourceTree = "<group>"; };
		F68766DA25196C9B003090D2 /* Classic@3x.png */ = {isa = PBXFileReference; lastKnownFileType = image.png; path = "Classic@3x.png"; sourceTree = "<group>"; };
		F68766DB25196C9B003090D2 /* claw@2x.png */ = {isa = PBXFileReference; lastKnownFileType = image.png; path = "claw@2x.png"; sourceTree = "<group>"; };
		F68766DC25196C9B003090D2 /* claw@3x.png */ = {isa = PBXFileReference; lastKnownFileType = image.png; path = "claw@3x.png"; sourceTree = "<group>"; };
		F68766DD25196C9B003090D2 /* Classic@2x.png */ = {isa = PBXFileReference; lastKnownFileType = image.png; path = "Classic@2x.png"; sourceTree = "<group>"; };
		F6876706251A82FE003090D2 /* ShareSheet.swift */ = {isa = PBXFileReference; lastKnownFileType = sourcecode.swift; path = ShareSheet.swift; sourceTree = "<group>"; };
		F687670C251A9501003090D2 /* StoryListCellView.swift */ = {isa = PBXFileReference; lastKnownFileType = sourcecode.swift; path = StoryListCellView.swift; sourceTree = "<group>"; };
		F6876712251AF800003090D2 /* SafariActivity.swift */ = {isa = PBXFileReference; lastKnownFileType = sourcecode.swift; path = SafariActivity.swift; sourceTree = "<group>"; };
/* End PBXFileReference section */

/* Begin PBXFrameworksBuildPhase section */
		F6291166251057E70065C3E9 /* Frameworks */ = {
			isa = PBXFrameworksBuildPhase;
			buildActionMask = 2147483647;
			files = (
				F629116E251057E70065C3E9 /* SwiftUI.framework in Frameworks */,
				F629116C251057E70065C3E9 /* WidgetKit.framework in Frameworks */,
			);
			runOnlyForDeploymentPostprocessing = 0;
		};
		F669C929250C5DD400B1FF42 /* Frameworks */ = {
			isa = PBXFrameworksBuildPhase;
			buildActionMask = 2147483647;
			files = (
				F669C99B250ED07800B1FF42 /* WebView in Frameworks */,
				F669C96A250C846200B1FF42 /* SwiftSoup in Frameworks */,
			);
			runOnlyForDeploymentPostprocessing = 0;
		};
		F669C93F250C5DDE00B1FF42 /* Frameworks */ = {
			isa = PBXFrameworksBuildPhase;
			buildActionMask = 2147483647;
			files = (
			);
			runOnlyForDeploymentPostprocessing = 0;
		};
		F669C94A250C5DDE00B1FF42 /* Frameworks */ = {
			isa = PBXFrameworksBuildPhase;
			buildActionMask = 2147483647;
			files = (
			);
			runOnlyForDeploymentPostprocessing = 0;
		};
/* End PBXFrameworksBuildPhase section */

/* Begin PBXGroup section */
		F629116A251057E70065C3E9 /* Frameworks */ = {
			isa = PBXGroup;
			children = (
				F629116B251057E70065C3E9 /* WidgetKit.framework */,
				F629116D251057E70065C3E9 /* SwiftUI.framework */,
			);
			name = Frameworks;
			sourceTree = "<group>";
		};
		F629116F251057E70065C3E9 /* hottest.widget */ = {
			isa = PBXGroup;
			children = (
				F6291170251057E70065C3E9 /* hottest_widget.swift */,
				F6291173251057E80065C3E9 /* Assets.xcassets */,
				F6291175251057E80065C3E9 /* Info.plist */,
			);
			path = hottest.widget;
			sourceTree = "<group>";
		};
		F669C923250C5DD400B1FF42 = {
			isa = PBXGroup;
			children = (
				F669C92E250C5DD400B1FF42 /* claw */,
				F669C945250C5DDE00B1FF42 /* clawTests */,
				F669C950250C5DDE00B1FF42 /* clawUITests */,
				F629116F251057E70065C3E9 /* hottest.widget */,
				F629116A251057E70065C3E9 /* Frameworks */,
				F669C92D250C5DD400B1FF42 /* Products */,
			);
			sourceTree = "<group>";
		};
		F669C92D250C5DD400B1FF42 /* Products */ = {
			isa = PBXGroup;
			children = (
				F669C92C250C5DD400B1FF42 /* claw.app */,
				F669C942250C5DDE00B1FF42 /* clawTests.xctest */,
				F669C94D250C5DDE00B1FF42 /* clawUITests.xctest */,
				F6291169251057E70065C3E9 /* hottest.widgetExtension.appex */,
			);
			name = Products;
			sourceTree = "<group>";
		};
		F669C92E250C5DD400B1FF42 /* claw */ = {
			isa = PBXGroup;
			children = (
				F68766D925196BD4003090D2 /* icons */,
				F669C99E250EE89900B1FF42 /* claw.entitlements */,
				F669C92F250C5DD400B1FF42 /* clawApp.swift */,
				F669C99C250EE5AA00B1FF42 /* UIColor.swift */,
				F669C931250C5DD400B1FF42 /* ContentView.swift */,
				F687666C2513FAAC003090D2 /* SettingsView.swift */,
				F687667225141A27003090D2 /* MailView.swift */,
				F669C96B250C847000B1FF42 /* HTMLView.swift */,
				F669C99F250EEB9B00B1FF42 /* Launch Screen.storyboard */,
				F669C971250E750200B1FF42 /* StoryView.swift */,
				F6876712251AF800003090D2 /* SafariActivity.swift */,
				F6291163251038810065C3E9 /* CommentHierarchy.swift */,
				F669C975250EA56400B1FF42 /* URLView.swift */,
				F669C961250C61F000B1FF42 /* StoryCell.swift */,
				F669C96D250E746D00B1FF42 /* TagView.swift */,
				F669C95F250C5DF000B1FF42 /* Newest.swift */,
				F629118625105A0F0065C3E9 /* NewestStory.swift */,
				F6291184251059E60065C3E9 /* GenericUser.swift */,
				F669C973250EA28700B1FF42 /* User.swift */,
				F629118A25105A3E0065C3E9 /* NewestUser.swift */,
				F669C96F250E74CB00B1FF42 /* Hottest.swift */,
				F687670C251A9501003090D2 /* StoryListCellView.swift */,
				F6876706251A82FE003090D2 /* ShareSheet.swift */,
				F62911812510599A0065C3E9 /* HottestFetcher.swift */,
				F669C963250C711E00B1FF42 /* Story.swift */,
				F669C997250ECD6200B1FF42 /* SGNavigationLink.swift */,
				F669C933250C5DDE00B1FF42 /* Assets.xcassets */,
				F669C938250C5DDE00B1FF42 /* Persistence.swift */,
				F669C93D250C5DDE00B1FF42 /* Info.plist */,
				F669C93A250C5DDE00B1FF42 /* claw.xcdatamodeld */,
				F669C935250C5DDE00B1FF42 /* Preview Content */,
			);
			path = claw;
			sourceTree = "<group>";
		};
		F669C935250C5DDE00B1FF42 /* Preview Content */ = {
			isa = PBXGroup;
			children = (
				F669C936250C5DDE00B1FF42 /* Preview Assets.xcassets */,
			);
			path = "Preview Content";
			sourceTree = "<group>";
		};
		F669C945250C5DDE00B1FF42 /* clawTests */ = {
			isa = PBXGroup;
			children = (
				F669C946250C5DDE00B1FF42 /* clawTests.swift */,
				F669C948250C5DDE00B1FF42 /* Info.plist */,
			);
			path = clawTests;
			sourceTree = "<group>";
		};
		F669C950250C5DDE00B1FF42 /* clawUITests */ = {
			isa = PBXGroup;
			children = (
				F669C951250C5DDE00B1FF42 /* clawUITests.swift */,
				F669C953250C5DDE00B1FF42 /* Info.plist */,
			);
			path = clawUITests;
			sourceTree = "<group>";
		};
		F68766D925196BD4003090D2 /* icons */ = {
			isa = PBXGroup;
			children = (
				F68766DD25196C9B003090D2 /* Classic@2x.png */,
				F68766DA25196C9B003090D2 /* Classic@3x.png */,
				F68766DB25196C9B003090D2 /* claw@2x.png */,
				F68766DC25196C9B003090D2 /* claw@3x.png */,
			);
			path = icons;
			sourceTree = "<group>";
		};
/* End PBXGroup section */

/* Begin PBXNativeTarget section */
		F6291168251057E70065C3E9 /* hottest.widgetExtension */ = {
			isa = PBXNativeTarget;
			buildConfigurationList = F629117B251057E80065C3E9 /* Build configuration list for PBXNativeTarget "hottest.widgetExtension" */;
			buildPhases = (
				F6291165251057E70065C3E9 /* Sources */,
				F6291166251057E70065C3E9 /* Frameworks */,
				F6291167251057E70065C3E9 /* Resources */,
			);
			buildRules = (
			);
			dependencies = (
			);
			name = hottest.widgetExtension;
			productName = hottest.widgetExtension;
			productReference = F6291169251057E70065C3E9 /* hottest.widgetExtension.appex */;
			productType = "com.apple.product-type.app-extension";
		};
		F669C92B250C5DD400B1FF42 /* claw */ = {
			isa = PBXNativeTarget;
			buildConfigurationList = F669C956250C5DDE00B1FF42 /* Build configuration list for PBXNativeTarget "claw" */;
			buildPhases = (
				F669C928250C5DD400B1FF42 /* Sources */,
				F669C929250C5DD400B1FF42 /* Frameworks */,
				F669C92A250C5DD400B1FF42 /* Resources */,
				F629117E251057E80065C3E9 /* Embed App Extensions */,
			);
			buildRules = (
			);
			dependencies = (
				F6291179251057E80065C3E9 /* PBXTargetDependency */,
			);
			name = claw;
			packageProductDependencies = (
				F669C969250C846200B1FF42 /* SwiftSoup */,
				F669C99A250ED07800B1FF42 /* WebView */,
			);
			productName = claw;
			productReference = F669C92C250C5DD400B1FF42 /* claw.app */;
			productType = "com.apple.product-type.application";
		};
		F669C941250C5DDE00B1FF42 /* clawTests */ = {
			isa = PBXNativeTarget;
			buildConfigurationList = F669C959250C5DDE00B1FF42 /* Build configuration list for PBXNativeTarget "clawTests" */;
			buildPhases = (
				F669C93E250C5DDE00B1FF42 /* Sources */,
				F669C93F250C5DDE00B1FF42 /* Frameworks */,
				F669C940250C5DDE00B1FF42 /* Resources */,
			);
			buildRules = (
			);
			dependencies = (
				F669C944250C5DDE00B1FF42 /* PBXTargetDependency */,
			);
			name = clawTests;
			productName = clawTests;
			productReference = F669C942250C5DDE00B1FF42 /* clawTests.xctest */;
			productType = "com.apple.product-type.bundle.unit-test";
		};
		F669C94C250C5DDE00B1FF42 /* clawUITests */ = {
			isa = PBXNativeTarget;
			buildConfigurationList = F669C95C250C5DDE00B1FF42 /* Build configuration list for PBXNativeTarget "clawUITests" */;
			buildPhases = (
				F669C949250C5DDE00B1FF42 /* Sources */,
				F669C94A250C5DDE00B1FF42 /* Frameworks */,
				F669C94B250C5DDE00B1FF42 /* Resources */,
			);
			buildRules = (
			);
			dependencies = (
				F669C94F250C5DDE00B1FF42 /* PBXTargetDependency */,
			);
			name = clawUITests;
			productName = clawUITests;
			productReference = F669C94D250C5DDE00B1FF42 /* clawUITests.xctest */;
			productType = "com.apple.product-type.bundle.ui-testing";
		};
/* End PBXNativeTarget section */

/* Begin PBXProject section */
		F669C924250C5DD400B1FF42 /* Project object */ = {
			isa = PBXProject;
			attributes = {
				LastSwiftUpdateCheck = 1200;
				LastUpgradeCheck = 1200;
				TargetAttributes = {
					F6291168251057E70065C3E9 = {
						CreatedOnToolsVersion = 12.0;
					};
					F669C92B250C5DD400B1FF42 = {
						CreatedOnToolsVersion = 12.0;
					};
					F669C941250C5DDE00B1FF42 = {
						CreatedOnToolsVersion = 12.0;
						TestTargetID = F669C92B250C5DD400B1FF42;
					};
					F669C94C250C5DDE00B1FF42 = {
						CreatedOnToolsVersion = 12.0;
						TestTargetID = F669C92B250C5DD400B1FF42;
					};
				};
			};
			buildConfigurationList = F669C927250C5DD400B1FF42 /* Build configuration list for PBXProject "claw" */;
			compatibilityVersion = "Xcode 9.3";
			developmentRegion = en;
			hasScannedForEncodings = 0;
			knownRegions = (
				en,
				Base,
			);
			mainGroup = F669C923250C5DD400B1FF42;
			packageReferences = (
				F669C968250C846200B1FF42 /* XCRemoteSwiftPackageReference "SwiftSoup" */,
				F669C999250ED07800B1FF42 /* XCRemoteSwiftPackageReference "WebView" */,
			);
			productRefGroup = F669C92D250C5DD400B1FF42 /* Products */;
			projectDirPath = "";
			projectRoot = "";
			targets = (
				F669C92B250C5DD400B1FF42 /* claw */,
				F669C941250C5DDE00B1FF42 /* clawTests */,
				F669C94C250C5DDE00B1FF42 /* clawUITests */,
				F6291168251057E70065C3E9 /* hottest.widgetExtension */,
			);
		};
/* End PBXProject section */

/* Begin PBXResourcesBuildPhase section */
		F6291167251057E70065C3E9 /* Resources */ = {
			isa = PBXResourcesBuildPhase;
			buildActionMask = 2147483647;
			files = (
				F6291174251057E80065C3E9 /* Assets.xcassets in Resources */,
			);
			runOnlyForDeploymentPostprocessing = 0;
		};
		F669C92A250C5DD400B1FF42 /* Resources */ = {
			isa = PBXResourcesBuildPhase;
			buildActionMask = 2147483647;
			files = (
				F669C9A0250EEB9B00B1FF42 /* Launch Screen.storyboard in Resources */,
				F669C937250C5DDE00B1FF42 /* Preview Assets.xcassets in Resources */,
				F68766E125196C9B003090D2 /* Classic@2x.png in Resources */,
				F68766E025196C9B003090D2 /* claw@3x.png in Resources */,
				F68766DE25196C9B003090D2 /* Classic@3x.png in Resources */,
				F68766DF25196C9B003090D2 /* claw@2x.png in Resources */,
				F669C934250C5DDE00B1FF42 /* Assets.xcassets in Resources */,
			);
			runOnlyForDeploymentPostprocessing = 0;
		};
		F669C940250C5DDE00B1FF42 /* Resources */ = {
			isa = PBXResourcesBuildPhase;
			buildActionMask = 2147483647;
			files = (
			);
			runOnlyForDeploymentPostprocessing = 0;
		};
		F669C94B250C5DDE00B1FF42 /* Resources */ = {
			isa = PBXResourcesBuildPhase;
			buildActionMask = 2147483647;
			files = (
			);
			runOnlyForDeploymentPostprocessing = 0;
		};
/* End PBXResourcesBuildPhase section */

/* Begin PBXSourcesBuildPhase section */
		F6291165251057E70065C3E9 /* Sources */ = {
			isa = PBXSourcesBuildPhase;
			buildActionMask = 2147483647;
			files = (
				F6291171251057E70065C3E9 /* hottest_widget.swift in Sources */,
				F6291183251059CA0065C3E9 /* HottestFetcher.swift in Sources */,
				F629118925105A230065C3E9 /* GenericUser.swift in Sources */,
				F629118C25105A440065C3E9 /* NewestUser.swift in Sources */,
				F629118825105A1C0065C3E9 /* NewestStory.swift in Sources */,
			);
			runOnlyForDeploymentPostprocessing = 0;
		};
		F669C928250C5DD400B1FF42 /* Sources */ = {
			isa = PBXSourcesBuildPhase;
			buildActionMask = 2147483647;
			files = (
				F687666D2513FAAC003090D2 /* SettingsView.swift in Sources */,
				F669C972250E750200B1FF42 /* StoryView.swift in Sources */,
				F687667325141A27003090D2 /* MailView.swift in Sources */,
				F629118B25105A3E0065C3E9 /* NewestUser.swift in Sources */,
				F669C964250C711E00B1FF42 /* Story.swift in Sources */,
				F669C96C250C847000B1FF42 /* HTMLView.swift in Sources */,
				F6291164251038810065C3E9 /* CommentHierarchy.swift in Sources */,
				F6291185251059E60065C3E9 /* GenericUser.swift in Sources */,
				F669C93C250C5DDE00B1FF42 /* claw.xcdatamodeld in Sources */,
				F669C99D250EE5AA00B1FF42 /* UIColor.swift in Sources */,
				F6876713251AF800003090D2 /* SafariActivity.swift in Sources */,
				F629118725105A0F0065C3E9 /* NewestStory.swift in Sources */,
				F669C976250EA56400B1FF42 /* URLView.swift in Sources */,
				F62911822510599A0065C3E9 /* HottestFetcher.swift in Sources */,
				F669C960250C5DF000B1FF42 /* Newest.swift in Sources */,
				F669C939250C5DDE00B1FF42 /* Persistence.swift in Sources */,
				F669C932250C5DD400B1FF42 /* ContentView.swift in Sources */,
				F669C930250C5DD400B1FF42 /* clawApp.swift in Sources */,
				F669C974250EA28700B1FF42 /* User.swift in Sources */,
				F687670D251A9501003090D2 /* StoryListCellView.swift in Sources */,
				F669C970250E74CB00B1FF42 /* Hottest.swift in Sources */,
				F669C962250C61F100B1FF42 /* StoryCell.swift in Sources */,
				F6876707251A82FE003090D2 /* ShareSheet.swift in Sources */,
				F669C96E250E746D00B1FF42 /* TagView.swift in Sources */,
				F669C998250ECD6200B1FF42 /* SGNavigationLink.swift in Sources */,
			);
			runOnlyForDeploymentPostprocessing = 0;
		};
		F669C93E250C5DDE00B1FF42 /* Sources */ = {
			isa = PBXSourcesBuildPhase;
			buildActionMask = 2147483647;
			files = (
				F669C947250C5DDE00B1FF42 /* clawTests.swift in Sources */,
			);
			runOnlyForDeploymentPostprocessing = 0;
		};
		F669C949250C5DDE00B1FF42 /* Sources */ = {
			isa = PBXSourcesBuildPhase;
			buildActionMask = 2147483647;
			files = (
				F669C952250C5DDE00B1FF42 /* clawUITests.swift in Sources */,
			);
			runOnlyForDeploymentPostprocessing = 0;
		};
/* End PBXSourcesBuildPhase section */

/* Begin PBXTargetDependency section */
		F6291179251057E80065C3E9 /* PBXTargetDependency */ = {
			isa = PBXTargetDependency;
			target = F6291168251057E70065C3E9 /* hottest.widgetExtension */;
			targetProxy = F6291178251057E80065C3E9 /* PBXContainerItemProxy */;
		};
		F669C944250C5DDE00B1FF42 /* PBXTargetDependency */ = {
			isa = PBXTargetDependency;
			target = F669C92B250C5DD400B1FF42 /* claw */;
			targetProxy = F669C943250C5DDE00B1FF42 /* PBXContainerItemProxy */;
		};
		F669C94F250C5DDE00B1FF42 /* PBXTargetDependency */ = {
			isa = PBXTargetDependency;
			target = F669C92B250C5DD400B1FF42 /* claw */;
			targetProxy = F669C94E250C5DDE00B1FF42 /* PBXContainerItemProxy */;
		};
/* End PBXTargetDependency section */

/* Begin XCBuildConfiguration section */
		F629117C251057E80065C3E9 /* Debug */ = {
			isa = XCBuildConfiguration;
			buildSettings = {
				ASSETCATALOG_COMPILER_GLOBAL_ACCENT_COLOR_NAME = AccentColor;
				ASSETCATALOG_COMPILER_WIDGET_BACKGROUND_COLOR_NAME = WidgetBackground;
				CODE_SIGN_STYLE = Automatic;
				CURRENT_PROJECT_VERSION = 5;
				DEVELOPMENT_TEAM = C6L3992RFB;
				INFOPLIST_FILE = hottest.widget/Info.plist;
				LD_RUNPATH_SEARCH_PATHS = (
					"$(inherited)",
					"@executable_path/Frameworks",
					"@executable_path/../../Frameworks",
				);
				MARKETING_VERSION = 1.0.6;
				PRODUCT_BUNDLE_IDENTIFIER = "com.twodayslate.claw.hottest-widget";
				PRODUCT_NAME = "$(TARGET_NAME)";
				SKIP_INSTALL = YES;
				SWIFT_VERSION = 5.0;
				TARGETED_DEVICE_FAMILY = "1,2";
			};
			name = Debug;
		};
		F629117D251057E80065C3E9 /* Release */ = {
			isa = XCBuildConfiguration;
			buildSettings = {
				ASSETCATALOG_COMPILER_GLOBAL_ACCENT_COLOR_NAME = AccentColor;
				ASSETCATALOG_COMPILER_WIDGET_BACKGROUND_COLOR_NAME = WidgetBackground;
				CODE_SIGN_STYLE = Automatic;
				CURRENT_PROJECT_VERSION = 5;
				DEVELOPMENT_TEAM = C6L3992RFB;
				INFOPLIST_FILE = hottest.widget/Info.plist;
				LD_RUNPATH_SEARCH_PATHS = (
					"$(inherited)",
					"@executable_path/Frameworks",
					"@executable_path/../../Frameworks",
				);
				MARKETING_VERSION = 1.0.6;
				PRODUCT_BUNDLE_IDENTIFIER = "com.twodayslate.claw.hottest-widget";
				PRODUCT_NAME = "$(TARGET_NAME)";
				SKIP_INSTALL = YES;
				SWIFT_VERSION = 5.0;
				TARGETED_DEVICE_FAMILY = "1,2";
			};
			name = Release;
		};
		F669C954250C5DDE00B1FF42 /* Debug */ = {
			isa = XCBuildConfiguration;
			buildSettings = {
				ALWAYS_SEARCH_USER_PATHS = NO;
				CLANG_ANALYZER_NONNULL = YES;
				CLANG_ANALYZER_NUMBER_OBJECT_CONVERSION = YES_AGGRESSIVE;
				CLANG_CXX_LANGUAGE_STANDARD = "gnu++14";
				CLANG_CXX_LIBRARY = "libc++";
				CLANG_ENABLE_MODULES = YES;
				CLANG_ENABLE_OBJC_ARC = YES;
				CLANG_ENABLE_OBJC_WEAK = YES;
				CLANG_WARN_BLOCK_CAPTURE_AUTORELEASING = YES;
				CLANG_WARN_BOOL_CONVERSION = YES;
				CLANG_WARN_COMMA = YES;
				CLANG_WARN_CONSTANT_CONVERSION = YES;
				CLANG_WARN_DEPRECATED_OBJC_IMPLEMENTATIONS = YES;
				CLANG_WARN_DIRECT_OBJC_ISA_USAGE = YES_ERROR;
				CLANG_WARN_DOCUMENTATION_COMMENTS = YES;
				CLANG_WARN_EMPTY_BODY = YES;
				CLANG_WARN_ENUM_CONVERSION = YES;
				CLANG_WARN_INFINITE_RECURSION = YES;
				CLANG_WARN_INT_CONVERSION = YES;
				CLANG_WARN_NON_LITERAL_NULL_CONVERSION = YES;
				CLANG_WARN_OBJC_IMPLICIT_RETAIN_SELF = YES;
				CLANG_WARN_OBJC_LITERAL_CONVERSION = YES;
				CLANG_WARN_OBJC_ROOT_CLASS = YES_ERROR;
				CLANG_WARN_QUOTED_INCLUDE_IN_FRAMEWORK_HEADER = YES;
				CLANG_WARN_RANGE_LOOP_ANALYSIS = YES;
				CLANG_WARN_STRICT_PROTOTYPES = YES;
				CLANG_WARN_SUSPICIOUS_MOVE = YES;
				CLANG_WARN_UNGUARDED_AVAILABILITY = YES_AGGRESSIVE;
				CLANG_WARN_UNREACHABLE_CODE = YES;
				CLANG_WARN__DUPLICATE_METHOD_MATCH = YES;
				COPY_PHASE_STRIP = NO;
				DEBUG_INFORMATION_FORMAT = dwarf;
				ENABLE_STRICT_OBJC_MSGSEND = YES;
				ENABLE_TESTABILITY = YES;
				GCC_C_LANGUAGE_STANDARD = gnu11;
				GCC_DYNAMIC_NO_PIC = NO;
				GCC_NO_COMMON_BLOCKS = YES;
				GCC_OPTIMIZATION_LEVEL = 0;
				GCC_PREPROCESSOR_DEFINITIONS = (
					"DEBUG=1",
					"$(inherited)",
				);
				GCC_WARN_64_TO_32_BIT_CONVERSION = YES;
				GCC_WARN_ABOUT_RETURN_TYPE = YES_ERROR;
				GCC_WARN_UNDECLARED_SELECTOR = YES;
				GCC_WARN_UNINITIALIZED_AUTOS = YES_AGGRESSIVE;
				GCC_WARN_UNUSED_FUNCTION = YES;
				GCC_WARN_UNUSED_VARIABLE = YES;
				IPHONEOS_DEPLOYMENT_TARGET = 14.0;
				MTL_ENABLE_DEBUG_INFO = INCLUDE_SOURCE;
				MTL_FAST_MATH = YES;
				ONLY_ACTIVE_ARCH = YES;
				SDKROOT = iphoneos;
				SWIFT_ACTIVE_COMPILATION_CONDITIONS = DEBUG;
				SWIFT_OPTIMIZATION_LEVEL = "-Onone";
			};
			name = Debug;
		};
		F669C955250C5DDE00B1FF42 /* Release */ = {
			isa = XCBuildConfiguration;
			buildSettings = {
				ALWAYS_SEARCH_USER_PATHS = NO;
				CLANG_ANALYZER_NONNULL = YES;
				CLANG_ANALYZER_NUMBER_OBJECT_CONVERSION = YES_AGGRESSIVE;
				CLANG_CXX_LANGUAGE_STANDARD = "gnu++14";
				CLANG_CXX_LIBRARY = "libc++";
				CLANG_ENABLE_MODULES = YES;
				CLANG_ENABLE_OBJC_ARC = YES;
				CLANG_ENABLE_OBJC_WEAK = YES;
				CLANG_WARN_BLOCK_CAPTURE_AUTORELEASING = YES;
				CLANG_WARN_BOOL_CONVERSION = YES;
				CLANG_WARN_COMMA = YES;
				CLANG_WARN_CONSTANT_CONVERSION = YES;
				CLANG_WARN_DEPRECATED_OBJC_IMPLEMENTATIONS = YES;
				CLANG_WARN_DIRECT_OBJC_ISA_USAGE = YES_ERROR;
				CLANG_WARN_DOCUMENTATION_COMMENTS = YES;
				CLANG_WARN_EMPTY_BODY = YES;
				CLANG_WARN_ENUM_CONVERSION = YES;
				CLANG_WARN_INFINITE_RECURSION = YES;
				CLANG_WARN_INT_CONVERSION = YES;
				CLANG_WARN_NON_LITERAL_NULL_CONVERSION = YES;
				CLANG_WARN_OBJC_IMPLICIT_RETAIN_SELF = YES;
				CLANG_WARN_OBJC_LITERAL_CONVERSION = YES;
				CLANG_WARN_OBJC_ROOT_CLASS = YES_ERROR;
				CLANG_WARN_QUOTED_INCLUDE_IN_FRAMEWORK_HEADER = YES;
				CLANG_WARN_RANGE_LOOP_ANALYSIS = YES;
				CLANG_WARN_STRICT_PROTOTYPES = YES;
				CLANG_WARN_SUSPICIOUS_MOVE = YES;
				CLANG_WARN_UNGUARDED_AVAILABILITY = YES_AGGRESSIVE;
				CLANG_WARN_UNREACHABLE_CODE = YES;
				CLANG_WARN__DUPLICATE_METHOD_MATCH = YES;
				COPY_PHASE_STRIP = NO;
				DEBUG_INFORMATION_FORMAT = "dwarf-with-dsym";
				ENABLE_NS_ASSERTIONS = NO;
				ENABLE_STRICT_OBJC_MSGSEND = YES;
				GCC_C_LANGUAGE_STANDARD = gnu11;
				GCC_NO_COMMON_BLOCKS = YES;
				GCC_WARN_64_TO_32_BIT_CONVERSION = YES;
				GCC_WARN_ABOUT_RETURN_TYPE = YES_ERROR;
				GCC_WARN_UNDECLARED_SELECTOR = YES;
				GCC_WARN_UNINITIALIZED_AUTOS = YES_AGGRESSIVE;
				GCC_WARN_UNUSED_FUNCTION = YES;
				GCC_WARN_UNUSED_VARIABLE = YES;
				IPHONEOS_DEPLOYMENT_TARGET = 14.0;
				MTL_ENABLE_DEBUG_INFO = NO;
				MTL_FAST_MATH = YES;
				SDKROOT = iphoneos;
				SWIFT_COMPILATION_MODE = wholemodule;
				SWIFT_OPTIMIZATION_LEVEL = "-O";
				VALIDATE_PRODUCT = YES;
			};
			name = Release;
		};
		F669C957250C5DDE00B1FF42 /* Debug */ = {
			isa = XCBuildConfiguration;
			buildSettings = {
				ALWAYS_EMBED_SWIFT_STANDARD_LIBRARIES = YES;
				ASSETCATALOG_COMPILER_APPICON_NAME = AppIcon;
				ASSETCATALOG_COMPILER_GLOBAL_ACCENT_COLOR_NAME = AccentColor;
				CODE_SIGN_ENTITLEMENTS = claw/claw.entitlements;
				CODE_SIGN_STYLE = Automatic;
				CURRENT_PROJECT_VERSION = 5;
				DEVELOPMENT_ASSET_PATHS = "\"claw/Preview Content\"";
				DEVELOPMENT_TEAM = C6L3992RFB;
				ENABLE_PREVIEWS = YES;
				INFOPLIST_FILE = claw/Info.plist;
				IPHONEOS_DEPLOYMENT_TARGET = 14.0;
				LD_RUNPATH_SEARCH_PATHS = (
					"$(inherited)",
					"@executable_path/Frameworks",
				);
				MARKETING_VERSION = 1.0.6;
				PRODUCT_BUNDLE_IDENTIFIER = com.twodayslate.claw;
				PRODUCT_NAME = "$(TARGET_NAME)";
				SUPPORTS_MACCATALYST = NO;
				SUPPORTS_MAC_DESIGNED_FOR_IPHONE_IPAD = YES;
				SWIFT_VERSION = 5.0;
				TARGETED_DEVICE_FAMILY = "1,2";
			};
			name = Debug;
		};
		F669C958250C5DDE00B1FF42 /* Release */ = {
			isa = XCBuildConfiguration;
			buildSettings = {
				ALWAYS_EMBED_SWIFT_STANDARD_LIBRARIES = YES;
				ASSETCATALOG_COMPILER_APPICON_NAME = AppIcon;
				ASSETCATALOG_COMPILER_GLOBAL_ACCENT_COLOR_NAME = AccentColor;
				CODE_SIGN_ENTITLEMENTS = claw/claw.entitlements;
				CODE_SIGN_STYLE = Automatic;
				CURRENT_PROJECT_VERSION = 5;
				DEVELOPMENT_ASSET_PATHS = "\"claw/Preview Content\"";
				DEVELOPMENT_TEAM = C6L3992RFB;
				ENABLE_PREVIEWS = YES;
				INFOPLIST_FILE = claw/Info.plist;
				IPHONEOS_DEPLOYMENT_TARGET = 14.0;
				LD_RUNPATH_SEARCH_PATHS = (
					"$(inherited)",
					"@executable_path/Frameworks",
				);
				MARKETING_VERSION = 1.0.6;
				PRODUCT_BUNDLE_IDENTIFIER = com.twodayslate.claw;
				PRODUCT_NAME = "$(TARGET_NAME)";
				SUPPORTS_MACCATALYST = NO;
				SUPPORTS_MAC_DESIGNED_FOR_IPHONE_IPAD = YES;
				SWIFT_VERSION = 5.0;
				TARGETED_DEVICE_FAMILY = "1,2";
			};
			name = Release;
		};
		F669C95A250C5DDE00B1FF42 /* Debug */ = {
			isa = XCBuildConfiguration;
			buildSettings = {
				ALWAYS_EMBED_SWIFT_STANDARD_LIBRARIES = YES;
				BUNDLE_LOADER = "$(TEST_HOST)";
				CODE_SIGN_STYLE = Automatic;
				DEVELOPMENT_TEAM = C6L3992RFB;
				INFOPLIST_FILE = clawTests/Info.plist;
				IPHONEOS_DEPLOYMENT_TARGET = 14.0;
				LD_RUNPATH_SEARCH_PATHS = (
					"$(inherited)",
					"@executable_path/Frameworks",
					"@loader_path/Frameworks",
				);
				PRODUCT_BUNDLE_IDENTIFIER = com.twodayslate.clawTests;
				PRODUCT_NAME = "$(TARGET_NAME)";
				SWIFT_VERSION = 5.0;
				TARGETED_DEVICE_FAMILY = "1,2";
				TEST_HOST = "$(BUILT_PRODUCTS_DIR)/claw.app/claw";
			};
			name = Debug;
		};
		F669C95B250C5DDE00B1FF42 /* Release */ = {
			isa = XCBuildConfiguration;
			buildSettings = {
				ALWAYS_EMBED_SWIFT_STANDARD_LIBRARIES = YES;
				BUNDLE_LOADER = "$(TEST_HOST)";
				CODE_SIGN_STYLE = Automatic;
				DEVELOPMENT_TEAM = C6L3992RFB;
				INFOPLIST_FILE = clawTests/Info.plist;
				IPHONEOS_DEPLOYMENT_TARGET = 14.0;
				LD_RUNPATH_SEARCH_PATHS = (
					"$(inherited)",
					"@executable_path/Frameworks",
					"@loader_path/Frameworks",
				);
				PRODUCT_BUNDLE_IDENTIFIER = com.twodayslate.clawTests;
				PRODUCT_NAME = "$(TARGET_NAME)";
				SWIFT_VERSION = 5.0;
				TARGETED_DEVICE_FAMILY = "1,2";
				TEST_HOST = "$(BUILT_PRODUCTS_DIR)/claw.app/claw";
			};
			name = Release;
		};
		F669C95D250C5DDE00B1FF42 /* Debug */ = {
			isa = XCBuildConfiguration;
			buildSettings = {
				ALWAYS_EMBED_SWIFT_STANDARD_LIBRARIES = YES;
				CODE_SIGN_STYLE = Automatic;
				DEVELOPMENT_TEAM = C6L3992RFB;
				INFOPLIST_FILE = clawUITests/Info.plist;
				LD_RUNPATH_SEARCH_PATHS = (
					"$(inherited)",
					"@executable_path/Frameworks",
					"@loader_path/Frameworks",
				);
				PRODUCT_BUNDLE_IDENTIFIER = com.twodayslate.clawUITests;
				PRODUCT_NAME = "$(TARGET_NAME)";
				SWIFT_VERSION = 5.0;
				TARGETED_DEVICE_FAMILY = "1,2";
				TEST_TARGET_NAME = claw;
			};
			name = Debug;
		};
		F669C95E250C5DDE00B1FF42 /* Release */ = {
			isa = XCBuildConfiguration;
			buildSettings = {
				ALWAYS_EMBED_SWIFT_STANDARD_LIBRARIES = YES;
				CODE_SIGN_STYLE = Automatic;
				DEVELOPMENT_TEAM = C6L3992RFB;
				INFOPLIST_FILE = clawUITests/Info.plist;
				LD_RUNPATH_SEARCH_PATHS = (
					"$(inherited)",
					"@executable_path/Frameworks",
					"@loader_path/Frameworks",
				);
				PRODUCT_BUNDLE_IDENTIFIER = com.twodayslate.clawUITests;
				PRODUCT_NAME = "$(TARGET_NAME)";
				SWIFT_VERSION = 5.0;
				TARGETED_DEVICE_FAMILY = "1,2";
				TEST_TARGET_NAME = claw;
			};
			name = Release;
		};
/* End XCBuildConfiguration section */

/* Begin XCConfigurationList section */
		F629117B251057E80065C3E9 /* Build configuration list for PBXNativeTarget "hottest.widgetExtension" */ = {
			isa = XCConfigurationList;
			buildConfigurations = (
				F629117C251057E80065C3E9 /* Debug */,
				F629117D251057E80065C3E9 /* Release */,
			);
			defaultConfigurationIsVisible = 0;
			defaultConfigurationName = Release;
		};
		F669C927250C5DD400B1FF42 /* Build configuration list for PBXProject "claw" */ = {
			isa = XCConfigurationList;
			buildConfigurations = (
				F669C954250C5DDE00B1FF42 /* Debug */,
				F669C955250C5DDE00B1FF42 /* Release */,
			);
			defaultConfigurationIsVisible = 0;
			defaultConfigurationName = Release;
		};
		F669C956250C5DDE00B1FF42 /* Build configuration list for PBXNativeTarget "claw" */ = {
			isa = XCConfigurationList;
			buildConfigurations = (
				F669C957250C5DDE00B1FF42 /* Debug */,
				F669C958250C5DDE00B1FF42 /* Release */,
			);
			defaultConfigurationIsVisible = 0;
			defaultConfigurationName = Release;
		};
		F669C959250C5DDE00B1FF42 /* Build configuration list for PBXNativeTarget "clawTests" */ = {
			isa = XCConfigurationList;
			buildConfigurations = (
				F669C95A250C5DDE00B1FF42 /* Debug */,
				F669C95B250C5DDE00B1FF42 /* Release */,
			);
			defaultConfigurationIsVisible = 0;
			defaultConfigurationName = Release;
		};
		F669C95C250C5DDE00B1FF42 /* Build configuration list for PBXNativeTarget "clawUITests" */ = {
			isa = XCConfigurationList;
			buildConfigurations = (
				F669C95D250C5DDE00B1FF42 /* Debug */,
				F669C95E250C5DDE00B1FF42 /* Release */,
			);
			defaultConfigurationIsVisible = 0;
			defaultConfigurationName = Release;
		};
/* End XCConfigurationList section */

/* Begin XCRemoteSwiftPackageReference section */
		F669C968250C846200B1FF42 /* XCRemoteSwiftPackageReference "SwiftSoup" */ = {
			isa = XCRemoteSwiftPackageReference;
			repositoryURL = "https://github.com/scinfu/SwiftSoup.git";
			requirement = {
				kind = upToNextMajorVersion;
				minimumVersion = 2.3.2;
			};
		};
		F669C999250ED07800B1FF42 /* XCRemoteSwiftPackageReference "WebView" */ = {
			isa = XCRemoteSwiftPackageReference;
			repositoryURL = "https://github.com/phatblat/WebView";
			requirement = {
				kind = upToNextMajorVersion;
				minimumVersion = 0.1.1;
			};
		};
/* End XCRemoteSwiftPackageReference section */

/* Begin XCSwiftPackageProductDependency section */
		F669C969250C846200B1FF42 /* SwiftSoup */ = {
			isa = XCSwiftPackageProductDependency;
			package = F669C968250C846200B1FF42 /* XCRemoteSwiftPackageReference "SwiftSoup" */;
			productName = SwiftSoup;
		};
		F669C99A250ED07800B1FF42 /* WebView */ = {
			isa = XCSwiftPackageProductDependency;
			package = F669C999250ED07800B1FF42 /* XCRemoteSwiftPackageReference "WebView" */;
			productName = WebView;
		};
/* End XCSwiftPackageProductDependency section */

/* Begin XCVersionGroup section */
		F669C93A250C5DDE00B1FF42 /* claw.xcdatamodeld */ = {
			isa = XCVersionGroup;
			children = (
				F669C93B250C5DDE00B1FF42 /* claw.xcdatamodel */,
			);
			currentVersion = F669C93B250C5DDE00B1FF42 /* claw.xcdatamodel */;
			path = claw.xcdatamodeld;
			sourceTree = "<group>";
			versionGroupType = wrapper.xcdatamodel;
		};
/* End XCVersionGroup section */
	};
	rootObject = F669C924250C5DD400B1FF42 /* Project object */;
}
