// !$*UTF8*$!
{
	archiveVersion = 1;
	classes = {
	};
	objectVersion = 54;
	objects = {

/* Begin PBXBuildFile section */
		F6010B9828E90B4E009A759C /* URLRequest+UA.swift in Sources */ = {isa = PBXBuildFile; fileRef = F6010B9728E90B4E009A759C /* URLRequest+UA.swift */; };
		F6010B9928EA4AB0009A759C /* URLRequest+UA.swift in Sources */ = {isa = PBXBuildFile; fileRef = F6010B9728E90B4E009A759C /* URLRequest+UA.swift */; };
		F608CD1B26BF598E00F98817 /* GenericArrayFetcher.swift in Sources */ = {isa = PBXBuildFile; fileRef = F608CD1A26BF598E00F98817 /* GenericArrayFetcher.swift */; };
		F615B8B128F8E9C800FC4730 /* AppIconView.swift in Sources */ = {isa = PBXBuildFile; fileRef = F615B8B028F8E9C800FC4730 /* AppIconView.swift */; };
		F615B8B328F8EE3500FC4730 /* AppIconChooserView.swift in Sources */ = {isa = PBXBuildFile; fileRef = F615B8B228F8EE3500FC4730 /* AppIconChooserView.swift */; };
		F615B8B528F9C39200FC4730 /* Bundle+version.swift in Sources */ = {isa = PBXBuildFile; fileRef = F615B8B428F9C39200FC4730 /* Bundle+version.swift */; };
		F615B8B628F9C5AF00FC4730 /* Bundle+version.swift in Sources */ = {isa = PBXBuildFile; fileRef = F615B8B428F9C39200FC4730 /* Bundle+version.swift */; };
		F61CC1BE253676FC00CC7785 /* Font.swift in Sources */ = {isa = PBXBuildFile; fileRef = F61CC1BD253676FC00CC7785 /* Font.swift */; };
		F61CC1C4253A876D00CC7785 /* SettingsTextSizeSlider.swift in Sources */ = {isa = PBXBuildFile; fileRef = F61CC1C3253A876D00CC7785 /* SettingsTextSizeSlider.swift */; };
		F6291164251038810065C3E9 /* CommentHierarchy.swift in Sources */ = {isa = PBXBuildFile; fileRef = F6291163251038810065C3E9 /* CommentHierarchy.swift */; };
		F629116C251057E70065C3E9 /* WidgetKit.framework in Frameworks */ = {isa = PBXBuildFile; fileRef = F629116B251057E70065C3E9 /* WidgetKit.framework */; };
		F629116E251057E70065C3E9 /* SwiftUI.framework in Frameworks */ = {isa = PBXBuildFile; fileRef = F629116D251057E70065C3E9 /* SwiftUI.framework */; };
		F6291171251057E70065C3E9 /* hottest_widget.swift in Sources */ = {isa = PBXBuildFile; fileRef = F6291170251057E70065C3E9 /* hottest_widget.swift */; };
		F6291174251057E80065C3E9 /* Assets.xcassets in Resources */ = {isa = PBXBuildFile; fileRef = F6291173251057E80065C3E9 /* Assets.xcassets */; };
		F629117A251057E80065C3E9 /* hottest.widgetExtension.appex in Embed Foundation Extensions */ = {isa = PBXBuildFile; fileRef = F6291169251057E70065C3E9 /* hottest.widgetExtension.appex */; settings = {ATTRIBUTES = (RemoveHeadersOnCopy, ); }; };
		F6291185251059E60065C3E9 /* GenericStory.swift in Sources */ = {isa = PBXBuildFile; fileRef = F6291184251059E60065C3E9 /* GenericStory.swift */; };
		F629118B25105A3E0065C3E9 /* NewestUser.swift in Sources */ = {isa = PBXBuildFile; fileRef = F629118A25105A3E0065C3E9 /* NewestUser.swift */; };
		F629118C25105A440065C3E9 /* NewestUser.swift in Sources */ = {isa = PBXBuildFile; fileRef = F629118A25105A3E0065C3E9 /* NewestUser.swift */; };
		F63BFF4F2909A7DC00E18B62 /* SimpleCommon in Frameworks */ = {isa = PBXBuildFile; productRef = F63BFF4E2909A7DC00E18B62 /* SimpleCommon */; };
		F656F64C252523C6006FFAFD /* TagFetcher.swift in Sources */ = {isa = PBXBuildFile; fileRef = F656F64B252523C6006FFAFD /* TagFetcher.swift */; };
		F656F65225252405006FFAFD /* Tag.swift in Sources */ = {isa = PBXBuildFile; fileRef = F656F65125252405006FFAFD /* Tag.swift */; };
		F656F65825252563006FFAFD /* TagStoryFetcher.swift in Sources */ = {isa = PBXBuildFile; fileRef = F656F65725252563006FFAFD /* TagStoryFetcher.swift */; };
		F656F65E252525DC006FFAFD /* TagStoryView.swift in Sources */ = {isa = PBXBuildFile; fileRef = F656F65D252525DC006FFAFD /* TagStoryView.swift */; };
		F656F67C25268709006FFAFD /* SelectedTagsView.swift in Sources */ = {isa = PBXBuildFile; fileRef = F656F67B25268709006FFAFD /* SelectedTagsView.swift */; };
		F656F682252BEF42006FFAFD /* SearchBar.swift in Sources */ = {isa = PBXBuildFile; fileRef = F656F681252BEF42006FFAFD /* SearchBar.swift */; };
		F66573992AAE7DC60043B0C6 /* CommentColorPicker.swift in Sources */ = {isa = PBXBuildFile; fileRef = F66573982AAE7DC60043B0C6 /* CommentColorPicker.swift */; };
		F665739B2AAEA1180043B0C6 /* UIColor+app.swift in Sources */ = {isa = PBXBuildFile; fileRef = F665739A2AAEA1180043B0C6 /* UIColor+app.swift */; };
		F665739D2AAEB53E0043B0C6 /* AccentColorChooserView.swift in Sources */ = {isa = PBXBuildFile; fileRef = F665739C2AAEB53E0043B0C6 /* AccentColorChooserView.swift */; };
		F665739F2AAEBA930043B0C6 /* ColorIconView.swift in Sources */ = {isa = PBXBuildFile; fileRef = F665739E2AAEBA930043B0C6 /* ColorIconView.swift */; };
		F66573A12AAEC83B0043B0C6 /* String+Identifiable.swift in Sources */ = {isa = PBXBuildFile; fileRef = F66573A02AAEC83B0043B0C6 /* String+Identifiable.swift */; };
		F669C930250C5DD400B1FF42 /* clawApp.swift in Sources */ = {isa = PBXBuildFile; fileRef = F669C92F250C5DD400B1FF42 /* clawApp.swift */; };
		F669C932250C5DD400B1FF42 /* ContentView.swift in Sources */ = {isa = PBXBuildFile; fileRef = F669C931250C5DD400B1FF42 /* ContentView.swift */; };
		F669C934250C5DDE00B1FF42 /* Assets.xcassets in Resources */ = {isa = PBXBuildFile; fileRef = F669C933250C5DDE00B1FF42 /* Assets.xcassets */; };
		F669C937250C5DDE00B1FF42 /* Preview Assets.xcassets in Resources */ = {isa = PBXBuildFile; fileRef = F669C936250C5DDE00B1FF42 /* Preview Assets.xcassets */; };
		F669C939250C5DDE00B1FF42 /* Persistence.swift in Sources */ = {isa = PBXBuildFile; fileRef = F669C938250C5DDE00B1FF42 /* Persistence.swift */; };
		F669C93C250C5DDE00B1FF42 /* claw.xcdatamodeld in Sources */ = {isa = PBXBuildFile; fileRef = F669C93A250C5DDE00B1FF42 /* claw.xcdatamodeld */; };
		F669C947250C5DDE00B1FF42 /* clawTests.swift in Sources */ = {isa = PBXBuildFile; fileRef = F669C946250C5DDE00B1FF42 /* clawTests.swift */; };
		F669C952250C5DDE00B1FF42 /* clawUITests.swift in Sources */ = {isa = PBXBuildFile; fileRef = F669C951250C5DDE00B1FF42 /* clawUITests.swift */; };
		F669C962250C61F100B1FF42 /* StoryCell.swift in Sources */ = {isa = PBXBuildFile; fileRef = F669C961250C61F000B1FF42 /* StoryCell.swift */; };
		F669C964250C711E00B1FF42 /* Story.swift in Sources */ = {isa = PBXBuildFile; fileRef = F669C963250C711E00B1FF42 /* Story.swift */; };
		F669C96A250C846200B1FF42 /* SwiftSoup in Frameworks */ = {isa = PBXBuildFile; productRef = F669C969250C846200B1FF42 /* SwiftSoup */; };
		F669C96C250C847000B1FF42 /* HTMLView.swift in Sources */ = {isa = PBXBuildFile; fileRef = F669C96B250C847000B1FF42 /* HTMLView.swift */; };
		F669C96E250E746D00B1FF42 /* TagView.swift in Sources */ = {isa = PBXBuildFile; fileRef = F669C96D250E746D00B1FF42 /* TagView.swift */; };
		F669C970250E74CB00B1FF42 /* HottestView.swift in Sources */ = {isa = PBXBuildFile; fileRef = F669C96F250E74CB00B1FF42 /* HottestView.swift */; };
		F669C972250E750200B1FF42 /* StoryView.swift in Sources */ = {isa = PBXBuildFile; fileRef = F669C971250E750200B1FF42 /* StoryView.swift */; };
		F669C974250EA28700B1FF42 /* UserAvatarLoader.swift in Sources */ = {isa = PBXBuildFile; fileRef = F669C973250EA28700B1FF42 /* UserAvatarLoader.swift */; };
		F669C976250EA56400B1FF42 /* URLView.swift in Sources */ = {isa = PBXBuildFile; fileRef = F669C975250EA56400B1FF42 /* URLView.swift */; };
		F669C998250ECD6200B1FF42 /* SGNavigationLink.swift in Sources */ = {isa = PBXBuildFile; fileRef = F669C997250ECD6200B1FF42 /* SGNavigationLink.swift */; };
		F669C9A0250EEB9B00B1FF42 /* Launch Screen.storyboard in Resources */ = {isa = PBXBuildFile; fileRef = F669C99F250EEB9B00B1FF42 /* Launch Screen.storyboard */; };
		F687666D2513FAAC003090D2 /* SettingsView.swift in Sources */ = {isa = PBXBuildFile; fileRef = F687666C2513FAAC003090D2 /* SettingsView.swift */; };
		F6876707251A82FE003090D2 /* ShareSheet.swift in Sources */ = {isa = PBXBuildFile; fileRef = F6876706251A82FE003090D2 /* ShareSheet.swift */; };
		F687670D251A9501003090D2 /* StoryListCellView.swift in Sources */ = {isa = PBXBuildFile; fileRef = F687670C251A9501003090D2 /* StoryListCellView.swift */; };
		F6876713251AF800003090D2 /* SafariActivity.swift in Sources */ = {isa = PBXBuildFile; fileRef = F6876712251AF800003090D2 /* SafariActivity.swift */; };
		F690C7E02BAFBDF2007621E7 /* PrivacyInfo.xcprivacy in Resources */ = {isa = PBXBuildFile; fileRef = F690C7DF2BAE70A3007621E7 /* PrivacyInfo.xcprivacy */; };
		F6DAA6632AB181FC009F458F /* StoreKitModel.swift in Sources */ = {isa = PBXBuildFile; fileRef = F6DAA6622AB181FC009F458F /* StoreKitModel.swift */; };
		F6DAA6652AB1834F009F458F /* Pro.swift in Sources */ = {isa = PBXBuildFile; fileRef = F6DAA6642AB1834F009F458F /* Pro.swift */; };
		F6DAA6672AB1841B009F458F /* Size.swift in Sources */ = {isa = PBXBuildFile; fileRef = F6DAA6662AB1841B009F458F /* Size.swift */; };
		F6DAA66A2AB2D78D009F458F /* ConfettiSwiftUI in Frameworks */ = {isa = PBXBuildFile; productRef = F6DAA6692AB2D78D009F458F /* ConfettiSwiftUI */; };
		F6E01E6E2546193000AADFBC /* Media.xcassets in Resources */ = {isa = PBXBuildFile; fileRef = F6E01E6D2546193000AADFBC /* Media.xcassets */; };
		F6E01E702546193000AADFBC /* ActionViewController.swift in Sources */ = {isa = PBXBuildFile; fileRef = F6E01E6F2546193000AADFBC /* ActionViewController.swift */; };
		F6E01E732546193000AADFBC /* MainInterface.storyboard in Resources */ = {isa = PBXBuildFile; fileRef = F6E01E712546193000AADFBC /* MainInterface.storyboard */; };
		F6E01E772546193000AADFBC /* opener-action.appex in Embed Foundation Extensions */ = {isa = PBXBuildFile; fileRef = F6E01E6B2546193000AADFBC /* opener-action.appex */; settings = {ATTRIBUTES = (RemoveHeadersOnCopy, ); }; };
		F6E9ED98251EDF4A005E2B1C /* HottestFetcher.swift in Sources */ = {isa = PBXBuildFile; fileRef = F62911812510599A0065C3E9 /* HottestFetcher.swift */; };
		F6E9EDAD251EDF8E005E2B1C /* NewestFetcher.swift in Sources */ = {isa = PBXBuildFile; fileRef = F669C95F250C5DF000B1FF42 /* NewestFetcher.swift */; };
		F6E9EDAE251EDF90005E2B1C /* NewestFetcher.swift in Sources */ = {isa = PBXBuildFile; fileRef = F669C95F250C5DF000B1FF42 /* NewestFetcher.swift */; };
		F6E9EDB7251EDF98005E2B1C /* NewestStory.swift in Sources */ = {isa = PBXBuildFile; fileRef = F629118625105A0F0065C3E9 /* NewestStory.swift */; };
		F6E9EDBC251EDF9C005E2B1C /* NewestStory.swift in Sources */ = {isa = PBXBuildFile; fileRef = F629118625105A0F0065C3E9 /* NewestStory.swift */; };
		F6E9EDC1251EDFAA005E2B1C /* GenericStory.swift in Sources */ = {isa = PBXBuildFile; fileRef = F6291184251059E60065C3E9 /* GenericStory.swift */; };
		F6E9EDC6251EDFB9005E2B1C /* HottestFetcher.swift in Sources */ = {isa = PBXBuildFile; fileRef = F62911812510599A0065C3E9 /* HottestFetcher.swift */; };
		F6E9EDCC251EE005005E2B1C /* NewestView.swift in Sources */ = {isa = PBXBuildFile; fileRef = F6E9EDCB251EE005005E2B1C /* NewestView.swift */; };
		F6E9EDDB251EE081005E2B1C /* UserFetcher.swift in Sources */ = {isa = PBXBuildFile; fileRef = F6E9EDDA251EE081005E2B1C /* UserFetcher.swift */; };
		F6E9EDE1251EE0B2005E2B1C /* UserView.swift in Sources */ = {isa = PBXBuildFile; fileRef = F6E9EDE0251EE0B2005E2B1C /* UserView.swift */; };
		F6E9EE16251EE548005E2B1C /* SettingsLinkView.swift in Sources */ = {isa = PBXBuildFile; fileRef = F6E9EE15251EE548005E2B1C /* SettingsLinkView.swift */; };
		F6E9EE2C251F9140005E2B1C /* StoryHeaderView.swift in Sources */ = {isa = PBXBuildFile; fileRef = F6E9EE2B251F9140005E2B1C /* StoryHeaderView.swift */; };
		F6E9EE322522CAFF005E2B1C /* SettingsLayoutSlider.swift in Sources */ = {isa = PBXBuildFile; fileRef = F6E9EE312522CAFF005E2B1C /* SettingsLayoutSlider.swift */; };
		F6F2012425D5C130008BA024 /* BetterSafariView in Frameworks */ = {isa = PBXBuildFile; productRef = F6F2012325D5C130008BA024 /* BetterSafariView */; };
		F6F2013525D5CCD6008BA024 /* ObservableURL.swift in Sources */ = {isa = PBXBuildFile; fileRef = F6F2013425D5CCD6008BA024 /* ObservableURL.swift */; };
		F6F2015A25D63C04008BA024 /* ActiveSheet.swift in Sources */ = {isa = PBXBuildFile; fileRef = F6F2015925D63C04008BA024 /* ActiveSheet.swift */; };
/* End PBXBuildFile section */

/* Begin PBXContainerItemProxy section */
		F6291178251057E80065C3E9 /* PBXContainerItemProxy */ = {
			isa = PBXContainerItemProxy;
			containerPortal = F669C924250C5DD400B1FF42 /* Project object */;
			proxyType = 1;
			remoteGlobalIDString = F6291168251057E70065C3E9;
			remoteInfo = hottest.widgetExtension;
		};
		F669C943250C5DDE00B1FF42 /* PBXContainerItemProxy */ = {
			isa = PBXContainerItemProxy;
			containerPortal = F669C924250C5DD400B1FF42 /* Project object */;
			proxyType = 1;
			remoteGlobalIDString = F669C92B250C5DD400B1FF42;
			remoteInfo = claw;
		};
		F669C94E250C5DDE00B1FF42 /* PBXContainerItemProxy */ = {
			isa = PBXContainerItemProxy;
			containerPortal = F669C924250C5DD400B1FF42 /* Project object */;
			proxyType = 1;
			remoteGlobalIDString = F669C92B250C5DD400B1FF42;
			remoteInfo = claw;
		};
		F6E01E752546193000AADFBC /* PBXContainerItemProxy */ = {
			isa = PBXContainerItemProxy;
			containerPortal = F669C924250C5DD400B1FF42 /* Project object */;
			proxyType = 1;
			remoteGlobalIDString = F6E01E6A2546193000AADFBC;
			remoteInfo = "opener-action";
		};
/* End PBXContainerItemProxy section */

/* Begin PBXCopyFilesBuildPhase section */
		F629117E251057E80065C3E9 /* Embed Foundation Extensions */ = {
			isa = PBXCopyFilesBuildPhase;
			buildActionMask = 2147483647;
			dstPath = "";
			dstSubfolderSpec = 13;
			files = (
				F6E01E772546193000AADFBC /* opener-action.appex in Embed Foundation Extensions */,
				F629117A251057E80065C3E9 /* hottest.widgetExtension.appex in Embed Foundation Extensions */,
			);
			name = "Embed Foundation Extensions";
			runOnlyForDeploymentPostprocessing = 0;
		};
/* End PBXCopyFilesBuildPhase section */

/* Begin PBXFileReference section */
		F6010B9728E90B4E009A759C /* URLRequest+UA.swift */ = {isa = PBXFileReference; lastKnownFileType = sourcecode.swift; path = "URLRequest+UA.swift"; sourceTree = "<group>"; };
		F608CD1A26BF598E00F98817 /* GenericArrayFetcher.swift */ = {isa = PBXFileReference; lastKnownFileType = sourcecode.swift; path = GenericArrayFetcher.swift; sourceTree = "<group>"; };
		F615B8B028F8E9C800FC4730 /* AppIconView.swift */ = {isa = PBXFileReference; lastKnownFileType = sourcecode.swift; path = AppIconView.swift; sourceTree = "<group>"; };
		F615B8B228F8EE3500FC4730 /* AppIconChooserView.swift */ = {isa = PBXFileReference; lastKnownFileType = sourcecode.swift; path = AppIconChooserView.swift; sourceTree = "<group>"; };
		F615B8B428F9C39200FC4730 /* Bundle+version.swift */ = {isa = PBXFileReference; lastKnownFileType = sourcecode.swift; path = "Bundle+version.swift"; sourceTree = "<group>"; };
		F61CC1BD253676FC00CC7785 /* Font.swift */ = {isa = PBXFileReference; lastKnownFileType = sourcecode.swift; path = Font.swift; sourceTree = "<group>"; };
		F61CC1C3253A876D00CC7785 /* SettingsTextSizeSlider.swift */ = {isa = PBXFileReference; lastKnownFileType = sourcecode.swift; path = SettingsTextSizeSlider.swift; sourceTree = "<group>"; };
		F6291163251038810065C3E9 /* CommentHierarchy.swift */ = {isa = PBXFileReference; lastKnownFileType = sourcecode.swift; path = CommentHierarchy.swift; sourceTree = "<group>"; };
		F6291169251057E70065C3E9 /* hottest.widgetExtension.appex */ = {isa = PBXFileReference; explicitFileType = "wrapper.app-extension"; includeInIndex = 0; path = hottest.widgetExtension.appex; sourceTree = BUILT_PRODUCTS_DIR; };
		F629116B251057E70065C3E9 /* WidgetKit.framework */ = {isa = PBXFileReference; lastKnownFileType = wrapper.framework; name = WidgetKit.framework; path = System/Library/Frameworks/WidgetKit.framework; sourceTree = SDKROOT; };
		F629116D251057E70065C3E9 /* SwiftUI.framework */ = {isa = PBXFileReference; lastKnownFileType = wrapper.framework; name = SwiftUI.framework; path = System/Library/Frameworks/SwiftUI.framework; sourceTree = SDKROOT; };
		F6291170251057E70065C3E9 /* hottest_widget.swift */ = {isa = PBXFileReference; lastKnownFileType = sourcecode.swift; path = hottest_widget.swift; sourceTree = "<group>"; };
		F6291173251057E80065C3E9 /* Assets.xcassets */ = {isa = PBXFileReference; lastKnownFileType = folder.assetcatalog; path = Assets.xcassets; sourceTree = "<group>"; };
		F6291175251057E80065C3E9 /* Info.plist */ = {isa = PBXFileReference; lastKnownFileType = text.plist.xml; path = Info.plist; sourceTree = "<group>"; };
		F62911812510599A0065C3E9 /* HottestFetcher.swift */ = {isa = PBXFileReference; lastKnownFileType = sourcecode.swift; name = HottestFetcher.swift; path = claw/Stories/Hottest/HottestFetcher.swift; sourceTree = SOURCE_ROOT; };
		F6291184251059E60065C3E9 /* GenericStory.swift */ = {isa = PBXFileReference; lastKnownFileType = sourcecode.swift; name = GenericStory.swift; path = claw/Stories/GenericStory.swift; sourceTree = SOURCE_ROOT; };
		F629118625105A0F0065C3E9 /* NewestStory.swift */ = {isa = PBXFileReference; lastKnownFileType = sourcecode.swift; name = NewestStory.swift; path = claw/Stories/NewestStory.swift; sourceTree = SOURCE_ROOT; };
		F629118A25105A3E0065C3E9 /* NewestUser.swift */ = {isa = PBXFileReference; lastKnownFileType = sourcecode.swift; name = NewestUser.swift; path = claw/User/NewestUser.swift; sourceTree = SOURCE_ROOT; };
		F656F64B252523C6006FFAFD /* TagFetcher.swift */ = {isa = PBXFileReference; lastKnownFileType = sourcecode.swift; path = TagFetcher.swift; sourceTree = "<group>"; };
		F656F65125252405006FFAFD /* Tag.swift */ = {isa = PBXFileReference; lastKnownFileType = sourcecode.swift; path = Tag.swift; sourceTree = "<group>"; };
		F656F65725252563006FFAFD /* TagStoryFetcher.swift */ = {isa = PBXFileReference; lastKnownFileType = sourcecode.swift; path = TagStoryFetcher.swift; sourceTree = "<group>"; };
		F656F65D252525DC006FFAFD /* TagStoryView.swift */ = {isa = PBXFileReference; lastKnownFileType = sourcecode.swift; path = TagStoryView.swift; sourceTree = "<group>"; };
		F656F67B25268709006FFAFD /* SelectedTagsView.swift */ = {isa = PBXFileReference; lastKnownFileType = sourcecode.swift; path = SelectedTagsView.swift; sourceTree = "<group>"; };
		F656F681252BEF42006FFAFD /* SearchBar.swift */ = {isa = PBXFileReference; lastKnownFileType = sourcecode.swift; path = SearchBar.swift; sourceTree = "<group>"; };
		F66573982AAE7DC60043B0C6 /* CommentColorPicker.swift */ = {isa = PBXFileReference; lastKnownFileType = sourcecode.swift; path = CommentColorPicker.swift; sourceTree = "<group>"; };
		F665739A2AAEA1180043B0C6 /* UIColor+app.swift */ = {isa = PBXFileReference; lastKnownFileType = sourcecode.swift; path = "UIColor+app.swift"; sourceTree = "<group>"; };
		F665739C2AAEB53E0043B0C6 /* AccentColorChooserView.swift */ = {isa = PBXFileReference; lastKnownFileType = sourcecode.swift; path = AccentColorChooserView.swift; sourceTree = "<group>"; };
		F665739E2AAEBA930043B0C6 /* ColorIconView.swift */ = {isa = PBXFileReference; lastKnownFileType = sourcecode.swift; path = ColorIconView.swift; sourceTree = "<group>"; };
		F66573A02AAEC83B0043B0C6 /* String+Identifiable.swift */ = {isa = PBXFileReference; lastKnownFileType = sourcecode.swift; path = "String+Identifiable.swift"; sourceTree = "<group>"; };
		F66573A22AAEEFD30043B0C6 /* claw: Unofficial Lobsters App.storekit */ = {isa = PBXFileReference; lastKnownFileType = text; path = "claw: Unofficial Lobsters App.storekit"; sourceTree = "<group>"; };
		F669C92C250C5DD400B1FF42 /* claw.app */ = {isa = PBXFileReference; explicitFileType = wrapper.application; includeInIndex = 0; path = claw.app; sourceTree = BUILT_PRODUCTS_DIR; };
		F669C92F250C5DD400B1FF42 /* clawApp.swift */ = {isa = PBXFileReference; lastKnownFileType = sourcecode.swift; path = clawApp.swift; sourceTree = "<group>"; };
		F669C931250C5DD400B1FF42 /* ContentView.swift */ = {isa = PBXFileReference; lastKnownFileType = sourcecode.swift; path = ContentView.swift; sourceTree = "<group>"; };
		F669C933250C5DDE00B1FF42 /* Assets.xcassets */ = {isa = PBXFileReference; lastKnownFileType = folder.assetcatalog; path = Assets.xcassets; sourceTree = "<group>"; };
		F669C936250C5DDE00B1FF42 /* Preview Assets.xcassets */ = {isa = PBXFileReference; lastKnownFileType = folder.assetcatalog; path = "Preview Assets.xcassets"; sourceTree = "<group>"; };
		F669C938250C5DDE00B1FF42 /* Persistence.swift */ = {isa = PBXFileReference; lastKnownFileType = sourcecode.swift; path = Persistence.swift; sourceTree = "<group>"; };
		F669C93B250C5DDE00B1FF42 /* claw.xcdatamodel */ = {isa = PBXFileReference; lastKnownFileType = wrapper.xcdatamodel; path = claw.xcdatamodel; sourceTree = "<group>"; };
		F669C93D250C5DDE00B1FF42 /* Info.plist */ = {isa = PBXFileReference; lastKnownFileType = text.plist.xml; path = Info.plist; sourceTree = "<group>"; };
		F669C942250C5DDE00B1FF42 /* clawTests.xctest */ = {isa = PBXFileReference; explicitFileType = wrapper.cfbundle; includeInIndex = 0; path = clawTests.xctest; sourceTree = BUILT_PRODUCTS_DIR; };
		F669C946250C5DDE00B1FF42 /* clawTests.swift */ = {isa = PBXFileReference; lastKnownFileType = sourcecode.swift; path = clawTests.swift; sourceTree = "<group>"; };
		F669C948250C5DDE00B1FF42 /* Info.plist */ = {isa = PBXFileReference; lastKnownFileType = text.plist.xml; path = Info.plist; sourceTree = "<group>"; };
		F669C94D250C5DDE00B1FF42 /* clawUITests.xctest */ = {isa = PBXFileReference; explicitFileType = wrapper.cfbundle; includeInIndex = 0; path = clawUITests.xctest; sourceTree = BUILT_PRODUCTS_DIR; };
		F669C951250C5DDE00B1FF42 /* clawUITests.swift */ = {isa = PBXFileReference; lastKnownFileType = sourcecode.swift; path = clawUITests.swift; sourceTree = "<group>"; };
		F669C953250C5DDE00B1FF42 /* Info.plist */ = {isa = PBXFileReference; lastKnownFileType = text.plist.xml; path = Info.plist; sourceTree = "<group>"; };
		F669C95F250C5DF000B1FF42 /* NewestFetcher.swift */ = {isa = PBXFileReference; lastKnownFileType = sourcecode.swift; name = NewestFetcher.swift; path = claw/Stories/Newest/NewestFetcher.swift; sourceTree = SOURCE_ROOT; };
		F669C961250C61F000B1FF42 /* StoryCell.swift */ = {isa = PBXFileReference; lastKnownFileType = sourcecode.swift; name = StoryCell.swift; path = claw/Stories/StoryCell.swift; sourceTree = SOURCE_ROOT; };
		F669C963250C711E00B1FF42 /* Story.swift */ = {isa = PBXFileReference; lastKnownFileType = sourcecode.swift; name = Story.swift; path = claw/Stories/Story.swift; sourceTree = SOURCE_ROOT; };
		F669C96B250C847000B1FF42 /* HTMLView.swift */ = {isa = PBXFileReference; lastKnownFileType = sourcecode.swift; path = HTMLView.swift; sourceTree = "<group>"; };
		F669C96D250E746D00B1FF42 /* TagView.swift */ = {isa = PBXFileReference; lastKnownFileType = sourcecode.swift; path = TagView.swift; sourceTree = "<group>"; };
		F669C96F250E74CB00B1FF42 /* HottestView.swift */ = {isa = PBXFileReference; lastKnownFileType = sourcecode.swift; name = HottestView.swift; path = claw/Stories/Hottest/HottestView.swift; sourceTree = SOURCE_ROOT; };
		F669C971250E750200B1FF42 /* StoryView.swift */ = {isa = PBXFileReference; lastKnownFileType = sourcecode.swift; name = StoryView.swift; path = claw/Stories/StoryView.swift; sourceTree = SOURCE_ROOT; };
		F669C973250EA28700B1FF42 /* UserAvatarLoader.swift */ = {isa = PBXFileReference; lastKnownFileType = sourcecode.swift; name = UserAvatarLoader.swift; path = claw/User/UserAvatarLoader.swift; sourceTree = SOURCE_ROOT; };
		F669C975250EA56400B1FF42 /* URLView.swift */ = {isa = PBXFileReference; lastKnownFileType = sourcecode.swift; path = URLView.swift; sourceTree = "<group>"; };
		F669C997250ECD6200B1FF42 /* SGNavigationLink.swift */ = {isa = PBXFileReference; lastKnownFileType = sourcecode.swift; path = SGNavigationLink.swift; sourceTree = "<group>"; };
		F669C99E250EE89900B1FF42 /* claw.entitlements */ = {isa = PBXFileReference; lastKnownFileType = text.plist.entitlements; path = claw.entitlements; sourceTree = "<group>"; };
		F669C99F250EEB9B00B1FF42 /* Launch Screen.storyboard */ = {isa = PBXFileReference; lastKnownFileType = file.storyboard; path = "Launch Screen.storyboard"; sourceTree = "<group>"; };
		F687666C2513FAAC003090D2 /* SettingsView.swift */ = {isa = PBXFileReference; lastKnownFileType = sourcecode.swift; path = SettingsView.swift; sourceTree = "<group>"; };
		F6876706251A82FE003090D2 /* ShareSheet.swift */ = {isa = PBXFileReference; lastKnownFileType = sourcecode.swift; path = ShareSheet.swift; sourceTree = "<group>"; };
		F687670C251A9501003090D2 /* StoryListCellView.swift */ = {isa = PBXFileReference; lastKnownFileType = sourcecode.swift; name = StoryListCellView.swift; path = claw/Stories/StoryListCellView.swift; sourceTree = SOURCE_ROOT; };
		F6876712251AF800003090D2 /* SafariActivity.swift */ = {isa = PBXFileReference; lastKnownFileType = sourcecode.swift; path = SafariActivity.swift; sourceTree = "<group>"; };
		F690C7DF2BAE70A3007621E7 /* PrivacyInfo.xcprivacy */ = {isa = PBXFileReference; lastKnownFileType = text.xml; path = PrivacyInfo.xcprivacy; sourceTree = "<group>"; };
		F6DAA6622AB181FC009F458F /* StoreKitModel.swift */ = {isa = PBXFileReference; lastKnownFileType = sourcecode.swift; path = StoreKitModel.swift; sourceTree = "<group>"; };
		F6DAA6642AB1834F009F458F /* Pro.swift */ = {isa = PBXFileReference; lastKnownFileType = sourcecode.swift; path = Pro.swift; sourceTree = "<group>"; };
		F6DAA6662AB1841B009F458F /* Size.swift */ = {isa = PBXFileReference; lastKnownFileType = sourcecode.swift; path = Size.swift; sourceTree = "<group>"; };
		F6E01E6B2546193000AADFBC /* opener-action.appex */ = {isa = PBXFileReference; explicitFileType = "wrapper.app-extension"; includeInIndex = 0; path = "opener-action.appex"; sourceTree = BUILT_PRODUCTS_DIR; };
		F6E01E6D2546193000AADFBC /* Media.xcassets */ = {isa = PBXFileReference; lastKnownFileType = folder.assetcatalog; path = Media.xcassets; sourceTree = "<group>"; };
		F6E01E6F2546193000AADFBC /* ActionViewController.swift */ = {isa = PBXFileReference; lastKnownFileType = sourcecode.swift; path = ActionViewController.swift; sourceTree = "<group>"; };
		F6E01E722546193000AADFBC /* Base */ = {isa = PBXFileReference; lastKnownFileType = file.storyboard; name = Base; path = Base.lproj/MainInterface.storyboard; sourceTree = "<group>"; };
		F6E01E742546193000AADFBC /* Info.plist */ = {isa = PBXFileReference; lastKnownFileType = text.plist.xml; path = Info.plist; sourceTree = "<group>"; };
		F6E9EDCB251EE005005E2B1C /* NewestView.swift */ = {isa = PBXFileReference; lastKnownFileType = sourcecode.swift; name = NewestView.swift; path = claw/Stories/Newest/NewestView.swift; sourceTree = SOURCE_ROOT; };
		F6E9EDDA251EE081005E2B1C /* UserFetcher.swift */ = {isa = PBXFileReference; lastKnownFileType = sourcecode.swift; name = UserFetcher.swift; path = claw/User/UserFetcher.swift; sourceTree = SOURCE_ROOT; };
		F6E9EDE0251EE0B2005E2B1C /* UserView.swift */ = {isa = PBXFileReference; lastKnownFileType = sourcecode.swift; name = UserView.swift; path = claw/User/UserView.swift; sourceTree = SOURCE_ROOT; };
		F6E9EE15251EE548005E2B1C /* SettingsLinkView.swift */ = {isa = PBXFileReference; lastKnownFileType = sourcecode.swift; name = SettingsLinkView.swift; path = claw/Settings/SettingsLinkView.swift; sourceTree = SOURCE_ROOT; };
		F6E9EE2B251F9140005E2B1C /* StoryHeaderView.swift */ = {isa = PBXFileReference; lastKnownFileType = sourcecode.swift; path = StoryHeaderView.swift; sourceTree = "<group>"; };
		F6E9EE312522CAFF005E2B1C /* SettingsLayoutSlider.swift */ = {isa = PBXFileReference; lastKnownFileType = sourcecode.swift; path = SettingsLayoutSlider.swift; sourceTree = "<group>"; };
		F6F2013425D5CCD6008BA024 /* ObservableURL.swift */ = {isa = PBXFileReference; lastKnownFileType = sourcecode.swift; path = ObservableURL.swift; sourceTree = "<group>"; };
		F6F2015925D63C04008BA024 /* ActiveSheet.swift */ = {isa = PBXFileReference; lastKnownFileType = sourcecode.swift; path = ActiveSheet.swift; sourceTree = "<group>"; };
		F6F326AE2549042700798BC5 /* opener-action.entitlements */ = {isa = PBXFileReference; lastKnownFileType = text.plist.entitlements; path = "opener-action.entitlements"; sourceTree = "<group>"; };
		F6F326AF254904A100798BC5 /* hottest.widgetExtension.entitlements */ = {isa = PBXFileReference; lastKnownFileType = text.plist.entitlements; path = hottest.widgetExtension.entitlements; sourceTree = "<group>"; };
/* End PBXFileReference section */

/* Begin PBXFrameworksBuildPhase section */
		F6291166251057E70065C3E9 /* Frameworks */ = {
			isa = PBXFrameworksBuildPhase;
			buildActionMask = 2147483647;
			files = (
				F629116E251057E70065C3E9 /* SwiftUI.framework in Frameworks */,
				F629116C251057E70065C3E9 /* WidgetKit.framework in Frameworks */,
			);
			runOnlyForDeploymentPostprocessing = 0;
		};
		F669C929250C5DD400B1FF42 /* Frameworks */ = {
			isa = PBXFrameworksBuildPhase;
			buildActionMask = 2147483647;
			files = (
				F63BFF4F2909A7DC00E18B62 /* SimpleCommon in Frameworks */,
				F6F2012425D5C130008BA024 /* BetterSafariView in Frameworks */,
				F6DAA66A2AB2D78D009F458F /* ConfettiSwiftUI in Frameworks */,
				F669C96A250C846200B1FF42 /* SwiftSoup in Frameworks */,
			);
			runOnlyForDeploymentPostprocessing = 0;
		};
		F669C93F250C5DDE00B1FF42 /* Frameworks */ = {
			isa = PBXFrameworksBuildPhase;
			buildActionMask = 2147483647;
			files = (
			);
			runOnlyForDeploymentPostprocessing = 0;
		};
		F669C94A250C5DDE00B1FF42 /* Frameworks */ = {
			isa = PBXFrameworksBuildPhase;
			buildActionMask = 2147483647;
			files = (
			);
			runOnlyForDeploymentPostprocessing = 0;
		};
		F6E01E682546193000AADFBC /* Frameworks */ = {
			isa = PBXFrameworksBuildPhase;
			buildActionMask = 2147483647;
			files = (
			);
			runOnlyForDeploymentPostprocessing = 0;
		};
/* End PBXFrameworksBuildPhase section */

/* Begin PBXGroup section */
		F617B54C251EDDD10060B21A /* Extensions */ = {
			isa = PBXGroup;
			children = (
				F61CC1BD253676FC00CC7785 /* Font.swift */,
				F6010B9728E90B4E009A759C /* URLRequest+UA.swift */,
				F665739A2AAEA1180043B0C6 /* UIColor+app.swift */,
				F615B8B428F9C39200FC4730 /* Bundle+version.swift */,
				F66573A02AAEC83B0043B0C6 /* String+Identifiable.swift */,
			);
			path = Extensions;
			sourceTree = "<group>";
		};
		F617B551251EDDDF0060B21A /* Stories */ = {
			isa = PBXGroup;
			children = (
				F669C971250E750200B1FF42 /* StoryView.swift */,
				F6E9EE2B251F9140005E2B1C /* StoryHeaderView.swift */,
				F669C961250C61F000B1FF42 /* StoryCell.swift */,
				F687670C251A9501003090D2 /* StoryListCellView.swift */,
				F669C963250C711E00B1FF42 /* Story.swift */,
				F629118625105A0F0065C3E9 /* NewestStory.swift */,
				F6291184251059E60065C3E9 /* GenericStory.swift */,
				F617B554251EDE140060B21A /* Hottest */,
				F617B552251EDDFB0060B21A /* Newest */,
			);
			path = Stories;
			sourceTree = "<group>";
		};
		F617B552251EDDFB0060B21A /* Newest */ = {
			isa = PBXGroup;
			children = (
				F669C95F250C5DF000B1FF42 /* NewestFetcher.swift */,
				F6E9EDCB251EE005005E2B1C /* NewestView.swift */,
			);
			path = Newest;
			sourceTree = "<group>";
		};
		F617B553251EDE0A0060B21A /* User */ = {
			isa = PBXGroup;
			children = (
				F669C973250EA28700B1FF42 /* UserAvatarLoader.swift */,
				F6E9EDE0251EE0B2005E2B1C /* UserView.swift */,
				F629118A25105A3E0065C3E9 /* NewestUser.swift */,
				F6E9EDDA251EE081005E2B1C /* UserFetcher.swift */,
			);
			path = User;
			sourceTree = "<group>";
		};
		F617B554251EDE140060B21A /* Hottest */ = {
			isa = PBXGroup;
			children = (
				F62911812510599A0065C3E9 /* HottestFetcher.swift */,
				F669C96F250E74CB00B1FF42 /* HottestView.swift */,
			);
			path = Hottest;
			sourceTree = "<group>";
		};
		F629116A251057E70065C3E9 /* Frameworks */ = {
			isa = PBXGroup;
			children = (
				F629116B251057E70065C3E9 /* WidgetKit.framework */,
				F629116D251057E70065C3E9 /* SwiftUI.framework */,
			);
			name = Frameworks;
			sourceTree = "<group>";
		};
		F629116F251057E70065C3E9 /* hottest.widget */ = {
			isa = PBXGroup;
			children = (
				F6291170251057E70065C3E9 /* hottest_widget.swift */,
				F6291173251057E80065C3E9 /* Assets.xcassets */,
				F6291175251057E80065C3E9 /* Info.plist */,
			);
			path = hottest.widget;
			sourceTree = "<group>";
		};
		F656F646252523B6006FFAFD /* Tags */ = {
			isa = PBXGroup;
			children = (
				F669C96D250E746D00B1FF42 /* TagView.swift */,
				F656F65D252525DC006FFAFD /* TagStoryView.swift */,
				F656F67B25268709006FFAFD /* SelectedTagsView.swift */,
				F656F64B252523C6006FFAFD /* TagFetcher.swift */,
				F656F65725252563006FFAFD /* TagStoryFetcher.swift */,
				F656F65125252405006FFAFD /* Tag.swift */,
			);
			path = Tags;
			sourceTree = "<group>";
		};
		F669C923250C5DD400B1FF42 = {
			isa = PBXGroup;
			children = (
				F6F326AF254904A100798BC5 /* hottest.widgetExtension.entitlements */,
				F669C92E250C5DD400B1FF42 /* claw */,
				F669C945250C5DDE00B1FF42 /* clawTests */,
				F669C950250C5DDE00B1FF42 /* clawUITests */,
				F629116F251057E70065C3E9 /* hottest.widget */,
				F6E01E6C2546193000AADFBC /* opener-action */,
				F629116A251057E70065C3E9 /* Frameworks */,
				F669C92D250C5DD400B1FF42 /* Products */,
			);
			sourceTree = "<group>";
		};
		F669C92D250C5DD400B1FF42 /* Products */ = {
			isa = PBXGroup;
			children = (
				F669C92C250C5DD400B1FF42 /* claw.app */,
				F669C942250C5DDE00B1FF42 /* clawTests.xctest */,
				F669C94D250C5DDE00B1FF42 /* clawUITests.xctest */,
				F6291169251057E70065C3E9 /* hottest.widgetExtension.appex */,
				F6E01E6B2546193000AADFBC /* opener-action.appex */,
			);
			name = Products;
			sourceTree = "<group>";
		};
		F669C92E250C5DD400B1FF42 /* claw */ = {
			isa = PBXGroup;
			children = (
				F66573A22AAEEFD30043B0C6 /* claw: Unofficial Lobsters App.storekit */,
				F669C99E250EE89900B1FF42 /* claw.entitlements */,
				F669C92F250C5DD400B1FF42 /* clawApp.swift */,
				F669C931250C5DD400B1FF42 /* ContentView.swift */,
				F6E9EE10251EE42F005E2B1C /* Settings */,
				F669C96B250C847000B1FF42 /* HTMLView.swift */,
				F6DAA6642AB1834F009F458F /* Pro.swift */,
				F669C99F250EEB9B00B1FF42 /* Launch Screen.storyboard */,
				F6876712251AF800003090D2 /* SafariActivity.swift */,
				F6291163251038810065C3E9 /* CommentHierarchy.swift */,
				F656F681252BEF42006FFAFD /* SearchBar.swift */,
				F690C7DF2BAE70A3007621E7 /* PrivacyInfo.xcprivacy */,
				F669C975250EA56400B1FF42 /* URLView.swift */,
				F656F646252523B6006FFAFD /* Tags */,
				F617B551251EDDDF0060B21A /* Stories */,
				F617B553251EDE0A0060B21A /* User */,
				F617B54C251EDDD10060B21A /* Extensions */,
				F6876706251A82FE003090D2 /* ShareSheet.swift */,
				F6DAA6662AB1841B009F458F /* Size.swift */,
				F608CD1A26BF598E00F98817 /* GenericArrayFetcher.swift */,
				F6DAA6622AB181FC009F458F /* StoreKitModel.swift */,
				F6F2013425D5CCD6008BA024 /* ObservableURL.swift */,
				F6F2015925D63C04008BA024 /* ActiveSheet.swift */,
				F669C997250ECD6200B1FF42 /* SGNavigationLink.swift */,
				F669C933250C5DDE00B1FF42 /* Assets.xcassets */,
				F669C938250C5DDE00B1FF42 /* Persistence.swift */,
				F669C93D250C5DDE00B1FF42 /* Info.plist */,
				F669C93A250C5DDE00B1FF42 /* claw.xcdatamodeld */,
				F669C935250C5DDE00B1FF42 /* Preview Content */,
			);
			path = claw;
			sourceTree = "<group>";
		};
		F669C935250C5DDE00B1FF42 /* Preview Content */ = {
			isa = PBXGroup;
			children = (
				F669C936250C5DDE00B1FF42 /* Preview Assets.xcassets */,
			);
			path = "Preview Content";
			sourceTree = "<group>";
		};
		F669C945250C5DDE00B1FF42 /* clawTests */ = {
			isa = PBXGroup;
			children = (
				F669C946250C5DDE00B1FF42 /* clawTests.swift */,
				F669C948250C5DDE00B1FF42 /* Info.plist */,
			);
			path = clawTests;
			sourceTree = "<group>";
		};
		F669C950250C5DDE00B1FF42 /* clawUITests */ = {
			isa = PBXGroup;
			children = (
				F669C951250C5DDE00B1FF42 /* clawUITests.swift */,
				F669C953250C5DDE00B1FF42 /* Info.plist */,
			);
			path = clawUITests;
			sourceTree = "<group>";
		};
		F6E01E6C2546193000AADFBC /* opener-action */ = {
			isa = PBXGroup;
			children = (
				F6F326AE2549042700798BC5 /* opener-action.entitlements */,
				F6E01E6D2546193000AADFBC /* Media.xcassets */,
				F6E01E6F2546193000AADFBC /* ActionViewController.swift */,
				F6E01E712546193000AADFBC /* MainInterface.storyboard */,
				F6E01E742546193000AADFBC /* Info.plist */,
			);
			path = "opener-action";
			sourceTree = "<group>";
		};
		F6E9EE10251EE42F005E2B1C /* Settings */ = {
			isa = PBXGroup;
			children = (
				F687666C2513FAAC003090D2 /* SettingsView.swift */,
				F615B8B228F8EE3500FC4730 /* AppIconChooserView.swift */,
				F615B8B028F8E9C800FC4730 /* AppIconView.swift */,
				F6E9EE312522CAFF005E2B1C /* SettingsLayoutSlider.swift */,
				F61CC1C3253A876D00CC7785 /* SettingsTextSizeSlider.swift */,
				F6E9EE15251EE548005E2B1C /* SettingsLinkView.swift */,
				F66573982AAE7DC60043B0C6 /* CommentColorPicker.swift */,
				F665739C2AAEB53E0043B0C6 /* AccentColorChooserView.swift */,
				F665739E2AAEBA930043B0C6 /* ColorIconView.swift */,
			);
			path = Settings;
			sourceTree = "<group>";
		};
/* End PBXGroup section */

/* Begin PBXNativeTarget section */
		F6291168251057E70065C3E9 /* hottest.widgetExtension */ = {
			isa = PBXNativeTarget;
			buildConfigurationList = F629117B251057E80065C3E9 /* Build configuration list for PBXNativeTarget "hottest.widgetExtension" */;
			buildPhases = (
				F6291165251057E70065C3E9 /* Sources */,
				F6291166251057E70065C3E9 /* Frameworks */,
				F6291167251057E70065C3E9 /* Resources */,
			);
			buildRules = (
			);
			dependencies = (
			);
			name = hottest.widgetExtension;
			productName = hottest.widgetExtension;
			productReference = F6291169251057E70065C3E9 /* hottest.widgetExtension.appex */;
			productType = "com.apple.product-type.app-extension";
		};
		F669C92B250C5DD400B1FF42 /* claw */ = {
			isa = PBXNativeTarget;
			buildConfigurationList = F669C956250C5DDE00B1FF42 /* Build configuration list for PBXNativeTarget "claw" */;
			buildPhases = (
				F669C928250C5DD400B1FF42 /* Sources */,
				F669C929250C5DD400B1FF42 /* Frameworks */,
				F669C92A250C5DD400B1FF42 /* Resources */,
				F629117E251057E80065C3E9 /* Embed Foundation Extensions */,
			);
			buildRules = (
			);
			dependencies = (
				F6291179251057E80065C3E9 /* PBXTargetDependency */,
				F6E01E762546193000AADFBC /* PBXTargetDependency */,
			);
			name = claw;
			packageProductDependencies = (
				F669C969250C846200B1FF42 /* SwiftSoup */,
				F6F2012325D5C130008BA024 /* BetterSafariView */,
				F63BFF4E2909A7DC00E18B62 /* SimpleCommon */,
				F6DAA6692AB2D78D009F458F /* ConfettiSwiftUI */,
			);
			productName = claw;
			productReference = F669C92C250C5DD400B1FF42 /* claw.app */;
			productType = "com.apple.product-type.application";
		};
		F669C941250C5DDE00B1FF42 /* clawTests */ = {
			isa = PBXNativeTarget;
			buildConfigurationList = F669C959250C5DDE00B1FF42 /* Build configuration list for PBXNativeTarget "clawTests" */;
			buildPhases = (
				F669C93E250C5DDE00B1FF42 /* Sources */,
				F669C93F250C5DDE00B1FF42 /* Frameworks */,
				F669C940250C5DDE00B1FF42 /* Resources */,
			);
			buildRules = (
			);
			dependencies = (
				F669C944250C5DDE00B1FF42 /* PBXTargetDependency */,
			);
			name = clawTests;
			productName = clawTests;
			productReference = F669C942250C5DDE00B1FF42 /* clawTests.xctest */;
			productType = "com.apple.product-type.bundle.unit-test";
		};
		F669C94C250C5DDE00B1FF42 /* clawUITests */ = {
			isa = PBXNativeTarget;
			buildConfigurationList = F669C95C250C5DDE00B1FF42 /* Build configuration list for PBXNativeTarget "clawUITests" */;
			buildPhases = (
				F669C949250C5DDE00B1FF42 /* Sources */,
				F669C94A250C5DDE00B1FF42 /* Frameworks */,
				F669C94B250C5DDE00B1FF42 /* Resources */,
			);
			buildRules = (
			);
			dependencies = (
				F669C94F250C5DDE00B1FF42 /* PBXTargetDependency */,
			);
			name = clawUITests;
			productName = clawUITests;
			productReference = F669C94D250C5DDE00B1FF42 /* clawUITests.xctest */;
			productType = "com.apple.product-type.bundle.ui-testing";
		};
		F6E01E6A2546193000AADFBC /* opener-action */ = {
			isa = PBXNativeTarget;
			buildConfigurationList = F6E01E782546193000AADFBC /* Build configuration list for PBXNativeTarget "opener-action" */;
			buildPhases = (
				F6E01E672546193000AADFBC /* Sources */,
				F6E01E682546193000AADFBC /* Frameworks */,
				F6E01E692546193000AADFBC /* Resources */,
			);
			buildRules = (
			);
			dependencies = (
			);
			name = "opener-action";
			productName = "opener-action";
			productReference = F6E01E6B2546193000AADFBC /* opener-action.appex */;
			productType = "com.apple.product-type.app-extension";
		};
/* End PBXNativeTarget section */

/* Begin PBXProject section */
		F669C924250C5DD400B1FF42 /* Project object */ = {
			isa = PBXProject;
			attributes = {
				LastSwiftUpdateCheck = 1210;
				LastUpgradeCheck = 1400;
				TargetAttributes = {
					F6291168251057E70065C3E9 = {
						CreatedOnToolsVersion = 12.0;
					};
					F669C92B250C5DD400B1FF42 = {
						CreatedOnToolsVersion = 12.0;
					};
					F669C941250C5DDE00B1FF42 = {
						CreatedOnToolsVersion = 12.0;
						TestTargetID = F669C92B250C5DD400B1FF42;
					};
					F669C94C250C5DDE00B1FF42 = {
						CreatedOnToolsVersion = 12.0;
						TestTargetID = F669C92B250C5DD400B1FF42;
					};
					F6E01E6A2546193000AADFBC = {
						CreatedOnToolsVersion = 12.1;
					};
				};
			};
			buildConfigurationList = F669C927250C5DD400B1FF42 /* Build configuration list for PBXProject "claw" */;
			compatibilityVersion = "Xcode 9.3";
			developmentRegion = en;
			hasScannedForEncodings = 0;
			knownRegions = (
				en,
				Base,
			);
			mainGroup = F669C923250C5DD400B1FF42;
			packageReferences = (
				F669C968250C846200B1FF42 /* XCRemoteSwiftPackageReference "SwiftSoup" */,
				F6F2012225D5C130008BA024 /* XCRemoteSwiftPackageReference "BetterSafariView" */,
				F63BFF4D2909A7DC00E18B62 /* XCRemoteSwiftPackageReference "SimpleCommon" */,
				F6DAA6682AB2D78D009F458F /* XCRemoteSwiftPackageReference "ConfettiSwiftUI" */,
			);
			productRefGroup = F669C92D250C5DD400B1FF42 /* Products */;
			projectDirPath = "";
			projectRoot = "";
			targets = (
				F669C92B250C5DD400B1FF42 /* claw */,
				F669C941250C5DDE00B1FF42 /* clawTests */,
				F669C94C250C5DDE00B1FF42 /* clawUITests */,
				F6291168251057E70065C3E9 /* hottest.widgetExtension */,
				F6E01E6A2546193000AADFBC /* opener-action */,
			);
		};
/* End PBXProject section */

/* Begin PBXResourcesBuildPhase section */
		F6291167251057E70065C3E9 /* Resources */ = {
			isa = PBXResourcesBuildPhase;
			buildActionMask = 2147483647;
			files = (
				F6291174251057E80065C3E9 /* Assets.xcassets in Resources */,
			);
			runOnlyForDeploymentPostprocessing = 0;
		};
		F669C92A250C5DD400B1FF42 /* Resources */ = {
			isa = PBXResourcesBuildPhase;
			buildActionMask = 2147483647;
			files = (
				F669C9A0250EEB9B00B1FF42 /* Launch Screen.storyboard in Resources */,
				F669C937250C5DDE00B1FF42 /* Preview Assets.xcassets in Resources */,
				F690C7E02BAFBDF2007621E7 /* PrivacyInfo.xcprivacy in Resources */,
				F669C934250C5DDE00B1FF42 /* Assets.xcassets in Resources */,
			);
			runOnlyForDeploymentPostprocessing = 0;
		};
		F669C940250C5DDE00B1FF42 /* Resources */ = {
			isa = PBXResourcesBuildPhase;
			buildActionMask = 2147483647;
			files = (
			);
			runOnlyForDeploymentPostprocessing = 0;
		};
		F669C94B250C5DDE00B1FF42 /* Resources */ = {
			isa = PBXResourcesBuildPhase;
			buildActionMask = 2147483647;
			files = (
			);
			runOnlyForDeploymentPostprocessing = 0;
		};
		F6E01E692546193000AADFBC /* Resources */ = {
			isa = PBXResourcesBuildPhase;
			buildActionMask = 2147483647;
			files = (
				F6E01E6E2546193000AADFBC /* Media.xcassets in Resources */,
				F6E01E732546193000AADFBC /* MainInterface.storyboard in Resources */,
			);
			runOnlyForDeploymentPostprocessing = 0;
		};
/* End PBXResourcesBuildPhase section */

/* Begin PBXSourcesBuildPhase section */
		F6291165251057E70065C3E9 /* Sources */ = {
			isa = PBXSourcesBuildPhase;
			buildActionMask = 2147483647;
			files = (
				F6010B9928EA4AB0009A759C /* URLRequest+UA.swift in Sources */,
				F6291171251057E70065C3E9 /* hottest_widget.swift in Sources */,
				F615B8B628F9C5AF00FC4730 /* Bundle+version.swift in Sources */,
				F6E9EDC6251EDFB9005E2B1C /* HottestFetcher.swift in Sources */,
				F629118C25105A440065C3E9 /* NewestUser.swift in Sources */,
				F6E9EDC1251EDFAA005E2B1C /* GenericStory.swift in Sources */,
				F6E9EDAE251EDF90005E2B1C /* NewestFetcher.swift in Sources */,
				F6E9EDBC251EDF9C005E2B1C /* NewestStory.swift in Sources */,
			);
			runOnlyForDeploymentPostprocessing = 0;
		};
		F669C928250C5DD400B1FF42 /* Sources */ = {
			isa = PBXSourcesBuildPhase;
			buildActionMask = 2147483647;
			files = (
				F687666D2513FAAC003090D2 /* SettingsView.swift in Sources */,
				F665739D2AAEB53E0043B0C6 /* AccentColorChooserView.swift in Sources */,
				F656F64C252523C6006FFAFD /* TagFetcher.swift in Sources */,
				F669C972250E750200B1FF42 /* StoryView.swift in Sources */,
				F6F2015A25D63C04008BA024 /* ActiveSheet.swift in Sources */,
				F6E9EDCC251EE005005E2B1C /* NewestView.swift in Sources */,
				F656F65E252525DC006FFAFD /* TagStoryView.swift in Sources */,
				F656F67C25268709006FFAFD /* SelectedTagsView.swift in Sources */,
				F6E9EDB7251EDF98005E2B1C /* NewestStory.swift in Sources */,
				F656F65825252563006FFAFD /* TagStoryFetcher.swift in Sources */,
				F6010B9828E90B4E009A759C /* URLRequest+UA.swift in Sources */,
				F608CD1B26BF598E00F98817 /* GenericArrayFetcher.swift in Sources */,
				F6DAA6672AB1841B009F458F /* Size.swift in Sources */,
				F665739B2AAEA1180043B0C6 /* UIColor+app.swift in Sources */,
				F615B8B528F9C39200FC4730 /* Bundle+version.swift in Sources */,
				F629118B25105A3E0065C3E9 /* NewestUser.swift in Sources */,
				F615B8B328F8EE3500FC4730 /* AppIconChooserView.swift in Sources */,
				F6E9EE16251EE548005E2B1C /* SettingsLinkView.swift in Sources */,
				F6E9EDDB251EE081005E2B1C /* UserFetcher.swift in Sources */,
				F669C964250C711E00B1FF42 /* Story.swift in Sources */,
				F669C96C250C847000B1FF42 /* HTMLView.swift in Sources */,
				F6291164251038810065C3E9 /* CommentHierarchy.swift in Sources */,
				F6DAA6652AB1834F009F458F /* Pro.swift in Sources */,
				F6291185251059E60065C3E9 /* GenericStory.swift in Sources */,
				F669C93C250C5DDE00B1FF42 /* claw.xcdatamodeld in Sources */,
				F6E9EE2C251F9140005E2B1C /* StoryHeaderView.swift in Sources */,
				F6E9EE322522CAFF005E2B1C /* SettingsLayoutSlider.swift in Sources */,
				F6876713251AF800003090D2 /* SafariActivity.swift in Sources */,
				F669C976250EA56400B1FF42 /* URLView.swift in Sources */,
				F6E9ED98251EDF4A005E2B1C /* HottestFetcher.swift in Sources */,
				F66573992AAE7DC60043B0C6 /* CommentColorPicker.swift in Sources */,
				F66573A12AAEC83B0043B0C6 /* String+Identifiable.swift in Sources */,
				F669C939250C5DDE00B1FF42 /* Persistence.swift in Sources */,
				F656F65225252405006FFAFD /* Tag.swift in Sources */,
				F6F2013525D5CCD6008BA024 /* ObservableURL.swift in Sources */,
				F669C932250C5DD400B1FF42 /* ContentView.swift in Sources */,
				F665739F2AAEBA930043B0C6 /* ColorIconView.swift in Sources */,
				F669C930250C5DD400B1FF42 /* clawApp.swift in Sources */,
				F669C974250EA28700B1FF42 /* UserAvatarLoader.swift in Sources */,
				F687670D251A9501003090D2 /* StoryListCellView.swift in Sources */,
				F669C970250E74CB00B1FF42 /* HottestView.swift in Sources */,
				F61CC1BE253676FC00CC7785 /* Font.swift in Sources */,
				F656F682252BEF42006FFAFD /* SearchBar.swift in Sources */,
				F6E9EDAD251EDF8E005E2B1C /* NewestFetcher.swift in Sources */,
				F615B8B128F8E9C800FC4730 /* AppIconView.swift in Sources */,
				F669C962250C61F100B1FF42 /* StoryCell.swift in Sources */,
				F6DAA6632AB181FC009F458F /* StoreKitModel.swift in Sources */,
				F61CC1C4253A876D00CC7785 /* SettingsTextSizeSlider.swift in Sources */,
				F6876707251A82FE003090D2 /* ShareSheet.swift in Sources */,
				F669C96E250E746D00B1FF42 /* TagView.swift in Sources */,
				F669C998250ECD6200B1FF42 /* SGNavigationLink.swift in Sources */,
				F6E9EDE1251EE0B2005E2B1C /* UserView.swift in Sources */,
			);
			runOnlyForDeploymentPostprocessing = 0;
		};
		F669C93E250C5DDE00B1FF42 /* Sources */ = {
			isa = PBXSourcesBuildPhase;
			buildActionMask = 2147483647;
			files = (
				F669C947250C5DDE00B1FF42 /* clawTests.swift in Sources */,
			);
			runOnlyForDeploymentPostprocessing = 0;
		};
		F669C949250C5DDE00B1FF42 /* Sources */ = {
			isa = PBXSourcesBuildPhase;
			buildActionMask = 2147483647;
			files = (
				F669C952250C5DDE00B1FF42 /* clawUITests.swift in Sources */,
			);
			runOnlyForDeploymentPostprocessing = 0;
		};
		F6E01E672546193000AADFBC /* Sources */ = {
			isa = PBXSourcesBuildPhase;
			buildActionMask = 2147483647;
			files = (
				F6E01E702546193000AADFBC /* ActionViewController.swift in Sources */,
			);
			runOnlyForDeploymentPostprocessing = 0;
		};
/* End PBXSourcesBuildPhase section */

/* Begin PBXTargetDependency section */
		F6291179251057E80065C3E9 /* PBXTargetDependency */ = {
			isa = PBXTargetDependency;
			target = F6291168251057E70065C3E9 /* hottest.widgetExtension */;
			targetProxy = F6291178251057E80065C3E9 /* PBXContainerItemProxy */;
		};
		F669C944250C5DDE00B1FF42 /* PBXTargetDependency */ = {
			isa = PBXTargetDependency;
			target = F669C92B250C5DD400B1FF42 /* claw */;
			targetProxy = F669C943250C5DDE00B1FF42 /* PBXContainerItemProxy */;
		};
		F669C94F250C5DDE00B1FF42 /* PBXTargetDependency */ = {
			isa = PBXTargetDependency;
			target = F669C92B250C5DD400B1FF42 /* claw */;
			targetProxy = F669C94E250C5DDE00B1FF42 /* PBXContainerItemProxy */;
		};
		F6E01E762546193000AADFBC /* PBXTargetDependency */ = {
			isa = PBXTargetDependency;
			target = F6E01E6A2546193000AADFBC /* opener-action */;
			targetProxy = F6E01E752546193000AADFBC /* PBXContainerItemProxy */;
		};
/* End PBXTargetDependency section */

/* Begin PBXVariantGroup section */
		F6E01E712546193000AADFBC /* MainInterface.storyboard */ = {
			isa = PBXVariantGroup;
			children = (
				F6E01E722546193000AADFBC /* Base */,
			);
			name = MainInterface.storyboard;
			sourceTree = "<group>";
		};
/* End PBXVariantGroup section */

/* Begin XCBuildConfiguration section */
		F629117C251057E80065C3E9 /* Debug */ = {
			isa = XCBuildConfiguration;
			buildSettings = {
				ASSETCATALOG_COMPILER_GLOBAL_ACCENT_COLOR_NAME = AccentColor;
				ASSETCATALOG_COMPILER_INCLUDE_ALL_APPICON_ASSETS = NO;
				ASSETCATALOG_COMPILER_WIDGET_BACKGROUND_COLOR_NAME = WidgetBackground;
				CODE_SIGN_ENTITLEMENTS = hottest.widgetExtension.entitlements;
				CODE_SIGN_STYLE = Automatic;
				CURRENT_PROJECT_VERSION = 30;
				DEVELOPMENT_TEAM = C6L3992RFB;
				INFOPLIST_FILE = hottest.widget/Info.plist;
				LD_RUNPATH_SEARCH_PATHS = (
					"$(inherited)",
					"@executable_path/Frameworks",
					"@executable_path/../../Frameworks",
				);
				MARKETING_VERSION = 1.5.7;
				PRODUCT_BUNDLE_IDENTIFIER = "com.twodayslate.claw.hottest-widget";
				PRODUCT_NAME = "$(TARGET_NAME)";
				SKIP_INSTALL = YES;
				SWIFT_VERSION = 5.0;
				TARGETED_DEVICE_FAMILY = "1,2";
			};
			name = Debug;
		};
		F629117D251057E80065C3E9 /* Release */ = {
			isa = XCBuildConfiguration;
			buildSettings = {
				ASSETCATALOG_COMPILER_GLOBAL_ACCENT_COLOR_NAME = AccentColor;
				ASSETCATALOG_COMPILER_INCLUDE_ALL_APPICON_ASSETS = NO;
				ASSETCATALOG_COMPILER_WIDGET_BACKGROUND_COLOR_NAME = WidgetBackground;
				CODE_SIGN_ENTITLEMENTS = hottest.widgetExtension.entitlements;
				CODE_SIGN_STYLE = Automatic;
				CURRENT_PROJECT_VERSION = 30;
				DEVELOPMENT_TEAM = C6L3992RFB;
				INFOPLIST_FILE = hottest.widget/Info.plist;
				LD_RUNPATH_SEARCH_PATHS = (
					"$(inherited)",
					"@executable_path/Frameworks",
					"@executable_path/../../Frameworks",
				);
				MARKETING_VERSION = 1.5.7;
				PRODUCT_BUNDLE_IDENTIFIER = "com.twodayslate.claw.hottest-widget";
				PRODUCT_NAME = "$(TARGET_NAME)";
				SKIP_INSTALL = YES;
				SWIFT_VERSION = 5.0;
				TARGETED_DEVICE_FAMILY = "1,2";
			};
			name = Release;
		};
		F669C954250C5DDE00B1FF42 /* Debug */ = {
			isa = XCBuildConfiguration;
			buildSettings = {
				ALWAYS_SEARCH_USER_PATHS = NO;
				CLANG_ANALYZER_NONNULL = YES;
				CLANG_ANALYZER_NUMBER_OBJECT_CONVERSION = YES_AGGRESSIVE;
				CLANG_CXX_LANGUAGE_STANDARD = "gnu++14";
				CLANG_CXX_LIBRARY = "libc++";
				CLANG_ENABLE_MODULES = YES;
				CLANG_ENABLE_OBJC_ARC = YES;
				CLANG_ENABLE_OBJC_WEAK = YES;
				CLANG_WARN_BLOCK_CAPTURE_AUTORELEASING = YES;
				CLANG_WARN_BOOL_CONVERSION = YES;
				CLANG_WARN_COMMA = YES;
				CLANG_WARN_CONSTANT_CONVERSION = YES;
				CLANG_WARN_DEPRECATED_OBJC_IMPLEMENTATIONS = YES;
				CLANG_WARN_DIRECT_OBJC_ISA_USAGE = YES_ERROR;
				CLANG_WARN_DOCUMENTATION_COMMENTS = YES;
				CLANG_WARN_EMPTY_BODY = YES;
				CLANG_WARN_ENUM_CONVERSION = YES;
				CLANG_WARN_INFINITE_RECURSION = YES;
				CLANG_WARN_INT_CONVERSION = YES;
				CLANG_WARN_NON_LITERAL_NULL_CONVERSION = YES;
				CLANG_WARN_OBJC_IMPLICIT_RETAIN_SELF = YES;
				CLANG_WARN_OBJC_LITERAL_CONVERSION = YES;
				CLANG_WARN_OBJC_ROOT_CLASS = YES_ERROR;
				CLANG_WARN_QUOTED_INCLUDE_IN_FRAMEWORK_HEADER = YES;
				CLANG_WARN_RANGE_LOOP_ANALYSIS = YES;
				CLANG_WARN_STRICT_PROTOTYPES = YES;
				CLANG_WARN_SUSPICIOUS_MOVE = YES;
				CLANG_WARN_UNGUARDED_AVAILABILITY = YES_AGGRESSIVE;
				CLANG_WARN_UNREACHABLE_CODE = YES;
				CLANG_WARN__DUPLICATE_METHOD_MATCH = YES;
				COPY_PHASE_STRIP = NO;
				DEBUG_INFORMATION_FORMAT = dwarf;
				ENABLE_STRICT_OBJC_MSGSEND = YES;
				ENABLE_TESTABILITY = YES;
				GCC_C_LANGUAGE_STANDARD = gnu11;
				GCC_DYNAMIC_NO_PIC = NO;
				GCC_NO_COMMON_BLOCKS = YES;
				GCC_OPTIMIZATION_LEVEL = 0;
				GCC_PREPROCESSOR_DEFINITIONS = (
					"DEBUG=1",
					"$(inherited)",
				);
				GCC_WARN_64_TO_32_BIT_CONVERSION = YES;
				GCC_WARN_ABOUT_RETURN_TYPE = YES_ERROR;
				GCC_WARN_UNDECLARED_SELECTOR = YES;
				GCC_WARN_UNINITIALIZED_AUTOS = YES_AGGRESSIVE;
				GCC_WARN_UNUSED_FUNCTION = YES;
				GCC_WARN_UNUSED_VARIABLE = YES;
				IPHONEOS_DEPLOYMENT_TARGET = 15.0;
				MTL_ENABLE_DEBUG_INFO = INCLUDE_SOURCE;
				MTL_FAST_MATH = YES;
				ONLY_ACTIVE_ARCH = YES;
				SDKROOT = iphoneos;
				SWIFT_ACTIVE_COMPILATION_CONDITIONS = DEBUG;
				SWIFT_OPTIMIZATION_LEVEL = "-Onone";
			};
			name = Debug;
		};
		F669C955250C5DDE00B1FF42 /* Release */ = {
			isa = XCBuildConfiguration;
			buildSettings = {
				ALWAYS_SEARCH_USER_PATHS = NO;
				CLANG_ANALYZER_NONNULL = YES;
				CLANG_ANALYZER_NUMBER_OBJECT_CONVERSION = YES_AGGRESSIVE;
				CLANG_CXX_LANGUAGE_STANDARD = "gnu++14";
				CLANG_CXX_LIBRARY = "libc++";
				CLANG_ENABLE_MODULES = YES;
				CLANG_ENABLE_OBJC_ARC = YES;
				CLANG_ENABLE_OBJC_WEAK = YES;
				CLANG_WARN_BLOCK_CAPTURE_AUTORELEASING = YES;
				CLANG_WARN_BOOL_CONVERSION = YES;
				CLANG_WARN_COMMA = YES;
				CLANG_WARN_CONSTANT_CONVERSION = YES;
				CLANG_WARN_DEPRECATED_OBJC_IMPLEMENTATIONS = YES;
				CLANG_WARN_DIRECT_OBJC_ISA_USAGE = YES_ERROR;
				CLANG_WARN_DOCUMENTATION_COMMENTS = YES;
				CLANG_WARN_EMPTY_BODY = YES;
				CLANG_WARN_ENUM_CONVERSION = YES;
				CLANG_WARN_INFINITE_RECURSION = YES;
				CLANG_WARN_INT_CONVERSION = YES;
				CLANG_WARN_NON_LITERAL_NULL_CONVERSION = YES;
				CLANG_WARN_OBJC_IMPLICIT_RETAIN_SELF = YES;
				CLANG_WARN_OBJC_LITERAL_CONVERSION = YES;
				CLANG_WARN_OBJC_ROOT_CLASS = YES_ERROR;
				CLANG_WARN_QUOTED_INCLUDE_IN_FRAMEWORK_HEADER = YES;
				CLANG_WARN_RANGE_LOOP_ANALYSIS = YES;
				CLANG_WARN_STRICT_PROTOTYPES = YES;
				CLANG_WARN_SUSPICIOUS_MOVE = YES;
				CLANG_WARN_UNGUARDED_AVAILABILITY = YES_AGGRESSIVE;
				CLANG_WARN_UNREACHABLE_CODE = YES;
				CLANG_WARN__DUPLICATE_METHOD_MATCH = YES;
				COPY_PHASE_STRIP = NO;
				DEBUG_INFORMATION_FORMAT = "dwarf-with-dsym";
				ENABLE_NS_ASSERTIONS = NO;
				ENABLE_STRICT_OBJC_MSGSEND = YES;
				GCC_C_LANGUAGE_STANDARD = gnu11;
				GCC_NO_COMMON_BLOCKS = YES;
				GCC_WARN_64_TO_32_BIT_CONVERSION = YES;
				GCC_WARN_ABOUT_RETURN_TYPE = YES_ERROR;
				GCC_WARN_UNDECLARED_SELECTOR = YES;
				GCC_WARN_UNINITIALIZED_AUTOS = YES_AGGRESSIVE;
				GCC_WARN_UNUSED_FUNCTION = YES;
				GCC_WARN_UNUSED_VARIABLE = YES;
				IPHONEOS_DEPLOYMENT_TARGET = 15.0;
				MTL_ENABLE_DEBUG_INFO = NO;
				MTL_FAST_MATH = YES;
				SDKROOT = iphoneos;
				SWIFT_COMPILATION_MODE = wholemodule;
				SWIFT_OPTIMIZATION_LEVEL = "-O";
				VALIDATE_PRODUCT = YES;
			};
			name = Release;
		};
		F669C957250C5DDE00B1FF42 /* Debug */ = {
			isa = XCBuildConfiguration;
			buildSettings = {
				ALWAYS_EMBED_SWIFT_STANDARD_LIBRARIES = YES;
				ASSETCATALOG_COMPILER_ALTERNATE_APPICON_NAMES = "Akhmad437LobsterLightIcon Akhmad437LobsterDarkIcon KnuxIcon ClawHeart";
				ASSETCATALOG_COMPILER_APPICON_NAME = AppIcon;
				ASSETCATALOG_COMPILER_GLOBAL_ACCENT_COLOR_NAME = AccentColor;
				ASSETCATALOG_COMPILER_INCLUDE_ALL_APPICON_ASSETS = YES;
				CODE_SIGN_ENTITLEMENTS = claw/claw.entitlements;
				CODE_SIGN_STYLE = Automatic;
				CURRENT_PROJECT_VERSION = 30;
				DEVELOPMENT_ASSET_PATHS = "\"claw/Preview Content\"";
				DEVELOPMENT_TEAM = C6L3992RFB;
				ENABLE_PREVIEWS = YES;
				INFOPLIST_FILE = claw/Info.plist;
				IPHONEOS_DEPLOYMENT_TARGET = 16.0;
				LD_RUNPATH_SEARCH_PATHS = (
					"$(inherited)",
					"@executable_path/Frameworks",
				);
				MARKETING_VERSION = 1.5.7;
				PRODUCT_BUNDLE_IDENTIFIER = com.twodayslate.claw;
				PRODUCT_NAME = "$(TARGET_NAME)";
				SUPPORTS_MACCATALYST = NO;
				SUPPORTS_MAC_DESIGNED_FOR_IPHONE_IPAD = YES;
				SWIFT_STRICT_CONCURRENCY = complete;
				SWIFT_VERSION = 5.0;
				TARGETED_DEVICE_FAMILY = "1,2";
			};
			name = Debug;
		};
		F669C958250C5DDE00B1FF42 /* Release */ = {
			isa = XCBuildConfiguration;
			buildSettings = {
				ALWAYS_EMBED_SWIFT_STANDARD_LIBRARIES = YES;
				ASSETCATALOG_COMPILER_ALTERNATE_APPICON_NAMES = "Akhmad437LobsterLightIcon Akhmad437LobsterDarkIcon KnuxIcon ClawHeart";
				ASSETCATALOG_COMPILER_APPICON_NAME = AppIcon;
				ASSETCATALOG_COMPILER_GLOBAL_ACCENT_COLOR_NAME = AccentColor;
				ASSETCATALOG_COMPILER_INCLUDE_ALL_APPICON_ASSETS = YES;
				CODE_SIGN_ENTITLEMENTS = claw/claw.entitlements;
				CODE_SIGN_STYLE = Automatic;
				CURRENT_PROJECT_VERSION = 30;
				DEVELOPMENT_ASSET_PATHS = "\"claw/Preview Content\"";
				DEVELOPMENT_TEAM = C6L3992RFB;
				ENABLE_PREVIEWS = YES;
				INFOPLIST_FILE = claw/Info.plist;
				IPHONEOS_DEPLOYMENT_TARGET = 16.0;
				LD_RUNPATH_SEARCH_PATHS = (
					"$(inherited)",
					"@executable_path/Frameworks",
				);
				MARKETING_VERSION = 1.5.7;
				PRODUCT_BUNDLE_IDENTIFIER = com.twodayslate.claw;
				PRODUCT_NAME = "$(TARGET_NAME)";
				SUPPORTS_MACCATALYST = NO;
				SUPPORTS_MAC_DESIGNED_FOR_IPHONE_IPAD = YES;
				SWIFT_STRICT_CONCURRENCY = complete;
				SWIFT_VERSION = 5.0;
				TARGETED_DEVICE_FAMILY = "1,2";
			};
			name = Release;
		};
		F669C95A250C5DDE00B1FF42 /* Debug */ = {
			isa = XCBuildConfiguration;
			buildSettings = {
				ALWAYS_EMBED_SWIFT_STANDARD_LIBRARIES = YES;
				BUNDLE_LOADER = "$(TEST_HOST)";
				CODE_SIGN_STYLE = Automatic;
				DEVELOPMENT_TEAM = C6L3992RFB;
				INFOPLIST_FILE = clawTests/Info.plist;
				IPHONEOS_DEPLOYMENT_TARGET = 16.0;
				LD_RUNPATH_SEARCH_PATHS = (
					"$(inherited)",
					"@executable_path/Frameworks",
					"@loader_path/Frameworks",
				);
				PRODUCT_BUNDLE_IDENTIFIER = com.twodayslate.clawTests;
				PRODUCT_NAME = "$(TARGET_NAME)";
				SWIFT_VERSION = 5.0;
				TARGETED_DEVICE_FAMILY = "1,2";
				TEST_HOST = "$(BUILT_PRODUCTS_DIR)/claw.app/$(BUNDLE_EXECUTABLE_FOLDER_PATH)/claw";
			};
			name = Debug;
		};
		F669C95B250C5DDE00B1FF42 /* Release */ = {
			isa = XCBuildConfiguration;
			buildSettings = {
				ALWAYS_EMBED_SWIFT_STANDARD_LIBRARIES = YES;
				BUNDLE_LOADER = "$(TEST_HOST)";
				CODE_SIGN_STYLE = Automatic;
				DEVELOPMENT_TEAM = C6L3992RFB;
				INFOPLIST_FILE = clawTests/Info.plist;
				IPHONEOS_DEPLOYMENT_TARGET = 16.0;
				LD_RUNPATH_SEARCH_PATHS = (
					"$(inherited)",
					"@executable_path/Frameworks",
					"@loader_path/Frameworks",
				);
				PRODUCT_BUNDLE_IDENTIFIER = com.twodayslate.clawTests;
				PRODUCT_NAME = "$(TARGET_NAME)";
				SWIFT_VERSION = 5.0;
				TARGETED_DEVICE_FAMILY = "1,2";
				TEST_HOST = "$(BUILT_PRODUCTS_DIR)/claw.app/$(BUNDLE_EXECUTABLE_FOLDER_PATH)/claw";
			};
			name = Release;
		};
		F669C95D250C5DDE00B1FF42 /* Debug */ = {
			isa = XCBuildConfiguration;
			buildSettings = {
				ALWAYS_EMBED_SWIFT_STANDARD_LIBRARIES = YES;
				CODE_SIGN_STYLE = Automatic;
				DEVELOPMENT_TEAM = C6L3992RFB;
				INFOPLIST_FILE = clawUITests/Info.plist;
				LD_RUNPATH_SEARCH_PATHS = (
					"$(inherited)",
					"@executable_path/Frameworks",
					"@loader_path/Frameworks",
				);
				PRODUCT_BUNDLE_IDENTIFIER = com.twodayslate.clawUITests;
				PRODUCT_NAME = "$(TARGET_NAME)";
				SWIFT_VERSION = 5.0;
				TARGETED_DEVICE_FAMILY = "1,2";
				TEST_TARGET_NAME = claw;
			};
			name = Debug;
		};
		F669C95E250C5DDE00B1FF42 /* Release */ = {
			isa = XCBuildConfiguration;
			buildSettings = {
				ALWAYS_EMBED_SWIFT_STANDARD_LIBRARIES = YES;
				CODE_SIGN_STYLE = Automatic;
				DEVELOPMENT_TEAM = C6L3992RFB;
				INFOPLIST_FILE = clawUITests/Info.plist;
				LD_RUNPATH_SEARCH_PATHS = (
					"$(inherited)",
					"@executable_path/Frameworks",
					"@loader_path/Frameworks",
				);
				PRODUCT_BUNDLE_IDENTIFIER = com.twodayslate.clawUITests;
				PRODUCT_NAME = "$(TARGET_NAME)";
				SWIFT_VERSION = 5.0;
				TARGETED_DEVICE_FAMILY = "1,2";
				TEST_TARGET_NAME = claw;
			};
			name = Release;
		};
		F6E01E792546193000AADFBC /* Debug */ = {
			isa = XCBuildConfiguration;
			buildSettings = {
				ASSETCATALOG_COMPILER_APPICON_NAME = AppIcon;
				ASSETCATALOG_COMPILER_INCLUDE_ALL_APPICON_ASSETS = YES;
				CODE_SIGN_ENTITLEMENTS = "opener-action/opener-action.entitlements";
				CODE_SIGN_STYLE = Automatic;
				CURRENT_PROJECT_VERSION = 30;
				DEVELOPMENT_TEAM = C6L3992RFB;
				INFOPLIST_FILE = "opener-action/Info.plist";
				IPHONEOS_DEPLOYMENT_TARGET = 14.0;
				LD_RUNPATH_SEARCH_PATHS = (
					"$(inherited)",
					"@executable_path/Frameworks",
					"@executable_path/../../Frameworks",
				);
				MARKETING_VERSION = 1.5.7;
				PRODUCT_BUNDLE_IDENTIFIER = "com.twodayslate.claw.opener-action";
				PRODUCT_NAME = "$(TARGET_NAME)";
				SKIP_INSTALL = YES;
				SWIFT_VERSION = 5.0;
				TARGETED_DEVICE_FAMILY = "1,2";
			};
			name = Debug;
		};
		F6E01E7A2546193000AADFBC /* Release */ = {
			isa = XCBuildConfiguration;
			buildSettings = {
				ASSETCATALOG_COMPILER_APPICON_NAME = AppIcon;
				ASSETCATALOG_COMPILER_INCLUDE_ALL_APPICON_ASSETS = YES;
				CODE_SIGN_ENTITLEMENTS = "opener-action/opener-action.entitlements";
				CODE_SIGN_STYLE = Automatic;
				CURRENT_PROJECT_VERSION = 30;
				DEVELOPMENT_TEAM = C6L3992RFB;
				INFOPLIST_FILE = "opener-action/Info.plist";
				IPHONEOS_DEPLOYMENT_TARGET = 14.0;
				LD_RUNPATH_SEARCH_PATHS = (
					"$(inherited)",
					"@executable_path/Frameworks",
					"@executable_path/../../Frameworks",
				);
				MARKETING_VERSION = 1.5.7;
				PRODUCT_BUNDLE_IDENTIFIER = "com.twodayslate.claw.opener-action";
				PRODUCT_NAME = "$(TARGET_NAME)";
				SKIP_INSTALL = YES;
				SWIFT_VERSION = 5.0;
				TARGETED_DEVICE_FAMILY = "1,2";
			};
			name = Release;
		};
/* End XCBuildConfiguration section */

/* Begin XCConfigurationList section */
		F629117B251057E80065C3E9 /* Build configuration list for PBXNativeTarget "hottest.widgetExtension" */ = {
			isa = XCConfigurationList;
			buildConfigurations = (
				F629117C251057E80065C3E9 /* Debug */,
				F629117D251057E80065C3E9 /* Release */,
			);
			defaultConfigurationIsVisible = 0;
			defaultConfigurationName = Release;
		};
		F669C927250C5DD400B1FF42 /* Build configuration list for PBXProject "claw" */ = {
			isa = XCConfigurationList;
			buildConfigurations = (
				F669C954250C5DDE00B1FF42 /* Debug */,
				F669C955250C5DDE00B1FF42 /* Release */,
			);
			defaultConfigurationIsVisible = 0;
			defaultConfigurationName = Release;
		};
		F669C956250C5DDE00B1FF42 /* Build configuration list for PBXNativeTarget "claw" */ = {
			isa = XCConfigurationList;
			buildConfigurations = (
				F669C957250C5DDE00B1FF42 /* Debug */,
				F669C958250C5DDE00B1FF42 /* Release */,
			);
			defaultConfigurationIsVisible = 0;
			defaultConfigurationName = Release;
		};
		F669C959250C5DDE00B1FF42 /* Build configuration list for PBXNativeTarget "clawTests" */ = {
			isa = XCConfigurationList;
			buildConfigurations = (
				F669C95A250C5DDE00B1FF42 /* Debug */,
				F669C95B250C5DDE00B1FF42 /* Release */,
			);
			defaultConfigurationIsVisible = 0;
			defaultConfigurationName = Release;
		};
		F669C95C250C5DDE00B1FF42 /* Build configuration list for PBXNativeTarget "clawUITests" */ = {
			isa = XCConfigurationList;
			buildConfigurations = (
				F669C95D250C5DDE00B1FF42 /* Debug */,
				F669C95E250C5DDE00B1FF42 /* Release */,
			);
			defaultConfigurationIsVisible = 0;
			defaultConfigurationName = Release;
		};
		F6E01E782546193000AADFBC /* Build configuration list for PBXNativeTarget "opener-action" */ = {
			isa = XCConfigurationList;
			buildConfigurations = (
				F6E01E792546193000AADFBC /* Debug */,
				F6E01E7A2546193000AADFBC /* Release */,
			);
			defaultConfigurationIsVisible = 0;
			defaultConfigurationName = Release;
		};
/* End XCConfigurationList section */

/* Begin XCRemoteSwiftPackageReference section */
		F63BFF4D2909A7DC00E18B62 /* XCRemoteSwiftPackageReference "SimpleCommon" */ = {
			isa = XCRemoteSwiftPackageReference;
			repositoryURL = "https://github.com/twodayslate/SimpleCommon";
			requirement = {
				branch = main;
				kind = branch;
			};
		};
		F669C968250C846200B1FF42 /* XCRemoteSwiftPackageReference "SwiftSoup" */ = {
			isa = XCRemoteSwiftPackageReference;
			repositoryURL = "https://github.com/scinfu/SwiftSoup.git";
			requirement = {
				kind = upToNextMajorVersion;
				minimumVersion = 2.4.3;
			};
		};
		F6DAA6682AB2D78D009F458F /* XCRemoteSwiftPackageReference "ConfettiSwiftUI" */ = {
			isa = XCRemoteSwiftPackageReference;
			repositoryURL = "https://github.com/simibac/ConfettiSwiftUI";
			requirement = {
				kind = upToNextMajorVersion;
				minimumVersion = 1.0.0;
			};
		};
		F6F2012225D5C130008BA024 /* XCRemoteSwiftPackageReference "BetterSafariView" */ = {
			isa = XCRemoteSwiftPackageReference;
			repositoryURL = "https://github.com/stleamist/BetterSafariView.git";
			requirement = {
				kind = upToNextMajorVersion;
				minimumVersion = 2.4.0;
			};
		};
/* End XCRemoteSwiftPackageReference section */

/* Begin XCSwiftPackageProductDependency section */
		F63BFF4E2909A7DC00E18B62 /* SimpleCommon */ = {
			isa = XCSwiftPackageProductDependency;
			package = F63BFF4D2909A7DC00E18B62 /* XCRemoteSwiftPackageReference "SimpleCommon" */;
			productName = SimpleCommon;
		};
		F669C969250C846200B1FF42 /* SwiftSoup */ = {
			isa = XCSwiftPackageProductDependency;
			package = F669C968250C846200B1FF42 /* XCRemoteSwiftPackageReference "SwiftSoup" */;
			productName = SwiftSoup;
		};
		F6DAA6692AB2D78D009F458F /* ConfettiSwiftUI */ = {
			isa = XCSwiftPackageProductDependency;
			package = F6DAA6682AB2D78D009F458F /* XCRemoteSwiftPackageReference "ConfettiSwiftUI" */;
			productName = ConfettiSwiftUI;
		};
		F6F2012325D5C130008BA024 /* BetterSafariView */ = {
			isa = XCSwiftPackageProductDependency;
			package = F6F2012225D5C130008BA024 /* XCRemoteSwiftPackageReference "BetterSafariView" */;
			productName = BetterSafariView;
		};
/* End XCSwiftPackageProductDependency section */

/* Begin XCVersionGroup section */
		F669C93A250C5DDE00B1FF42 /* claw.xcdatamodeld */ = {
			isa = XCVersionGroup;
			children = (
				F669C93B250C5DDE00B1FF42 /* claw.xcdatamodel */,
			);
			currentVersion = F669C93B250C5DDE00B1FF42 /* claw.xcdatamodel */;
			path = claw.xcdatamodeld;
			sourceTree = "<group>";
			versionGroupType = wrapper.xcdatamodel;
		};
/* End XCVersionGroup section */
	};
	rootObject = F669C924250C5DD400B1FF42 /* Project object */;
}
